// !$*UTF8*$!
{
	archiveVersion = 1;
	classes = {
	};
	objectVersion = 54;
	objects = {

/* Begin PBXAggregateTarget section */
		566F74DEFA47327B0BB90FFE /* BitCrusher - All */ = {
			isa = PBXAggregateTarget;
			buildConfigurationList = 158A884435F0ABC2EB5F9899 /* Build configuration list for PBXAggregateTarget "BitCrusher - All" */;
			buildPhases = (
				A88EB888C8EA5A265715BA51 /* Post-build script */,
			);
			dependencies = (
				F98A9932A20BD2D35B12A400 /* PBXTargetDependency */,
				DDB57F0376A1A4479E410759 /* PBXTargetDependency */,
				B948F349CA3FC7BB2A91395B /* PBXTargetDependency */,
			);
			name = "BitCrusher - All";
			productName = BitCrusher;
		};
/* End PBXAggregateTarget section */

/* Begin PBXBuildFile section */
		029DD5B0E03B9971E80B6A61 /* PluginProcessor.cpp in Sources */ = {isa = PBXBuildFile; fileRef = 1E179F922E4BD0E0EF78E3EB /* PluginProcessor.cpp */; };
		04521652FAEED54AF79D47CB /* include_juce_audio_plugin_client_ARA.cpp in Sources */ = {isa = PBXBuildFile; fileRef = 303292D4CB2961BF1B2C16D9 /* include_juce_audio_plugin_client_ARA.cpp */; };
		196CF0C871FD39C6290A1977 /* RecentFilesMenuTemplate.nib in Resources */ = {isa = PBXBuildFile; fileRef = B059D0138E88BE48BAFD888F /* RecentFilesMenuTemplate.nib */; };
		19F371B3E69FA11D53B94E98 /* include_juce_opengl.mm in Sources */ = {isa = PBXBuildFile; fileRef = C01A3F8E891FC02922051A17 /* include_juce_opengl.mm */; };
		1E690D14A2D862AD6B5C5AEE /* include_juce_data_structures.mm in Sources */ = {isa = PBXBuildFile; fileRef = 3221CCBBE36D3E0EAAA3B524 /* include_juce_data_structures.mm */; };
		223A82DA12FC863FC4BD80E4 /* PluginEditor.cpp in Sources */ = {isa = PBXBuildFile; fileRef = 5E829B049225993ADD69CC1B /* PluginEditor.cpp */; };
		2418D6D612B2B9B397C36AB6 /* include_juce_audio_plugin_client_VST_utils.mm in Sources */ = {isa = PBXBuildFile; fileRef = 10B201A553DC01211AEC4DD0 /* include_juce_audio_plugin_client_VST_utils.mm */; };
		259E7BEB484763FE40664A54 /* include_juce_audio_plugin_client_utils.cpp in Sources */ = {isa = PBXBuildFile; fileRef = 0F51E18AC12052BF9ED319F9 /* include_juce_audio_plugin_client_utils.cpp */; };
		386F8CFD1B4DE9855F8A0F48 /* include_juce_events.mm in Sources */ = {isa = PBXBuildFile; fileRef = 6C5A981ED07CC34C34361549 /* include_juce_events.mm */; };
		4031E878FC565407126074AE /* include_juce_audio_processors_ara.cpp in Sources */ = {isa = PBXBuildFile; fileRef = F1A696EB2EF15FCBE9895CCA /* include_juce_audio_processors_ara.cpp */; };
		46BB5D5E5AA4FA3C9190E266 /* include_juce_audio_devices.mm in Sources */ = {isa = PBXBuildFile; fileRef = 5060BAD8E1C2B8BB10A309AB /* include_juce_audio_devices.mm */; };
		47602975B3A01D37D0FDE448 /* AudioToolbox.framework in Frameworks */ = {isa = PBXBuildFile; fileRef = 2A1951C39CEC9DC59478AE03 /* AudioToolbox.framework */; };
		47F463726A8DD26076929174 /* Foundation.framework in Frameworks */ = {isa = PBXBuildFile; fileRef = E048994BC33E9E9287BA4CD6 /* Foundation.framework */; };
		53552977151AD00D67A0F628 /* include_juce_audio_plugin_client_VST2.cpp in Sources */ = {isa = PBXBuildFile; fileRef = 31BE7470841F27F9E2CBDC8B /* include_juce_audio_plugin_client_VST2.cpp */; };
		5FF5829A6506136F1381B26D /* include_juce_video.mm in Sources */ = {isa = PBXBuildFile; fileRef = F5C8A07F7F7B90396222FF59 /* include_juce_video.mm */; };
		6F9735B35B4EDDCEC9653019 /* CoreMedia.framework in Frameworks */ = {isa = PBXBuildFile; fileRef = 63759E8370B9846780EFD0B4 /* CoreMedia.framework */; };
		724167E822832382D59A2228 /* Cocoa.framework in Frameworks */ = {isa = PBXBuildFile; fileRef = 20C61C1C076AAB9DDAFFBBD6 /* Cocoa.framework */; };
		740C29C2E25B99A5EDB0018C /* include_juce_gui_basics.mm in Sources */ = {isa = PBXBuildFile; fileRef = 941FB241B2E156E02D134B2D /* include_juce_gui_basics.mm */; };
		7FE1303982C46B742CAE9EA6 /* CoreMIDI.framework in Frameworks */ = {isa = PBXBuildFile; fileRef = DA010CDA9FC04B570EF9B5E0 /* CoreMIDI.framework */; };
		896C05089C56EB5F7D6EF680 /* WebKit.framework in Frameworks */ = {isa = PBXBuildFile; fileRef = AC60B96D0025561D9794E306 /* WebKit.framework */; };
		8D72B7C75E67EB66613D1726 /* include_juce_audio_basics.mm in Sources */ = {isa = PBXBuildFile; fileRef = 8A4F14F4D0B3D38169783C08 /* include_juce_audio_basics.mm */; };
		8E5CDED716D7A7D6F4EDEA9A /* include_juce_cryptography.mm in Sources */ = {isa = PBXBuildFile; fileRef = CB5900D761B23C489E510676 /* include_juce_cryptography.mm */; };
		8EF6D163ABA5435DACC4E361 /* CustomLookAndFeel.cpp in Sources */ = {isa = PBXBuildFile; fileRef = 08CF0514FFBAA490A30CEE27 /* CustomLookAndFeel.cpp */; };
		98683C5EF3CB382204BD5F46 /* OpenGL.framework in Frameworks */ = {isa = PBXBuildFile; fileRef = 5C82861D39150AC965E61D1C /* OpenGL.framework */; };
		9D34EFB04637A2BA368740B3 /* AVKit.framework in Frameworks */ = {isa = PBXBuildFile; fileRef = 6678E46DA04EA66E46416700 /* AVKit.framework */; };
		A5597B1473F15A157441B6AC /* include_juce_graphics.mm in Sources */ = {isa = PBXBuildFile; fileRef = CC63028812DF3866B81750A8 /* include_juce_graphics.mm */; };
		AB97AD34ECF2ECD6CCD5377B /* IOKit.framework in Frameworks */ = {isa = PBXBuildFile; fileRef = A1BAB6063674135BC45E9479 /* IOKit.framework */; };
		B03BE1D0E7C9F52AEB832552 /* include_juce_audio_processors_lv2_libs.cpp in Sources */ = {isa = PBXBuildFile; fileRef = E839118595B85224CB37EF56 /* include_juce_audio_processors_lv2_libs.cpp */; };
		CA53E8FDFDB9145FE52FA278 /* CoreAudio.framework in Frameworks */ = {isa = PBXBuildFile; fileRef = CB65B455E58CD79F2BA9E817 /* CoreAudio.framework */; };
		D0E54C8494C59148A8572574 /* include_juce_gui_extra.mm in Sources */ = {isa = PBXBuildFile; fileRef = 629EC501128532EEF2426F41 /* include_juce_gui_extra.mm */; };
		D8DF280929AAD13200932309 /* RecentFilesMenuTemplate.nib in Resources */ = {isa = PBXBuildFile; fileRef = B059D0138E88BE48BAFD888F /* RecentFilesMenuTemplate.nib */; };
		D8DF280A29AAD13200932309 /* Accelerate.framework in Frameworks */ = {isa = PBXBuildFile; fileRef = DB2A48C55F5B77237284982B /* Accelerate.framework */; };
		D8DF280B29AAD13200932309 /* AudioToolbox.framework in Frameworks */ = {isa = PBXBuildFile; fileRef = 2A1951C39CEC9DC59478AE03 /* AudioToolbox.framework */; };
		D8DF280C29AAD13200932309 /* AVFoundation.framework in Frameworks */ = {isa = PBXBuildFile; fileRef = 8E778121E308B80652EB570C /* AVFoundation.framework */; };
		D8DF280D29AAD13200932309 /* AVKit.framework in Frameworks */ = {isa = PBXBuildFile; fileRef = 6678E46DA04EA66E46416700 /* AVKit.framework */; };
		D8DF280E29AAD13200932309 /* Cocoa.framework in Frameworks */ = {isa = PBXBuildFile; fileRef = 20C61C1C076AAB9DDAFFBBD6 /* Cocoa.framework */; };
		D8DF280F29AAD13200932309 /* CoreAudio.framework in Frameworks */ = {isa = PBXBuildFile; fileRef = CB65B455E58CD79F2BA9E817 /* CoreAudio.framework */; };
		D8DF281029AAD13200932309 /* CoreMedia.framework in Frameworks */ = {isa = PBXBuildFile; fileRef = 63759E8370B9846780EFD0B4 /* CoreMedia.framework */; };
		D8DF281129AAD13200932309 /* CoreMIDI.framework in Frameworks */ = {isa = PBXBuildFile; fileRef = DA010CDA9FC04B570EF9B5E0 /* CoreMIDI.framework */; };
		D8DF281229AAD13200932309 /* Foundation.framework in Frameworks */ = {isa = PBXBuildFile; fileRef = E048994BC33E9E9287BA4CD6 /* Foundation.framework */; };
		D8DF281329AAD13200932309 /* IOKit.framework in Frameworks */ = {isa = PBXBuildFile; fileRef = A1BAB6063674135BC45E9479 /* IOKit.framework */; };
		D8DF281429AAD13200932309 /* OpenGL.framework in Frameworks */ = {isa = PBXBuildFile; fileRef = 5C82861D39150AC965E61D1C /* OpenGL.framework */; };
		D8DF281529AAD13200932309 /* QuartzCore.framework in Frameworks */ = {isa = PBXBuildFile; fileRef = 5D2AC21098B34BCD3AEA362E /* QuartzCore.framework */; };
		D8DF281629AAD13200932309 /* WebKit.framework in Frameworks */ = {isa = PBXBuildFile; fileRef = AC60B96D0025561D9794E306 /* WebKit.framework */; };
		E994431A0680A718209EBC37 /* include_juce_core.mm in Sources */ = {isa = PBXBuildFile; fileRef = 9D605AE2D5945E2904AA2D28 /* include_juce_core.mm */; };
		EBEFA22D3AAFF6A4DDA06FC7 /* include_juce_audio_plugin_client_VST3.cpp in Sources */ = {isa = PBXBuildFile; fileRef = E847F67E0B00723451F1BE40 /* include_juce_audio_plugin_client_VST3.cpp */; };
		EEAEA7947CA50DA358395E1E /* AVFoundation.framework in Frameworks */ = {isa = PBXBuildFile; fileRef = 8E778121E308B80652EB570C /* AVFoundation.framework */; };
		EF7A12E163A7A243DD93C6F4 /* include_juce_audio_formats.mm in Sources */ = {isa = PBXBuildFile; fileRef = 7130A3EBF837C2D333E2E923 /* include_juce_audio_formats.mm */; };
		F20FE72A9C2032848D34CB19 /* BinaryData.cpp in Sources */ = {isa = PBXBuildFile; fileRef = 1029813E785FDBFB0DA9CD16 /* BinaryData.cpp */; };
		FB12BB4198F4DCB9D3E2CD91 /* Accelerate.framework in Frameworks */ = {isa = PBXBuildFile; fileRef = DB2A48C55F5B77237284982B /* Accelerate.framework */; };
		FBF0877DD7BD6294A4EAC427 /* QuartzCore.framework in Frameworks */ = {isa = PBXBuildFile; fileRef = 5D2AC21098B34BCD3AEA362E /* QuartzCore.framework */; };
		FBF79BFFA826D312A08E8FAE /* BinaryData2.cpp in Sources */ = {isa = PBXBuildFile; fileRef = 7AF673DD3829796339D12D06 /* BinaryData2.cpp */; };
		FE2D75FAAB05587885949A0B /* include_juce_audio_processors.mm in Sources */ = {isa = PBXBuildFile; fileRef = 0909F1B447D64DCE58C297C6 /* include_juce_audio_processors.mm */; };
/* End PBXBuildFile section */

/* Begin PBXContainerItemProxy section */
		D8DF281729AAD13800932309 /* PBXContainerItemProxy */ = {
			isa = PBXContainerItemProxy;
			containerPortal = 4CD5BFB4ABFA58202BC0EDCC /* Project object */;
			proxyType = 1;
			remoteGlobalIDString = 0E87B176EA18354C90D04203;
			remoteInfo = "BitCrusher - Shared Code";
		};
		D8DF281829AAD13800932309 /* PBXContainerItemProxy */ = {
			isa = PBXContainerItemProxy;
			containerPortal = 4CD5BFB4ABFA58202BC0EDCC /* Project object */;
			proxyType = 1;
			remoteGlobalIDString = 0E87B176EA18354C90D04203;
			remoteInfo = "BitCrusher - Shared Code";
		};
		D8DF281929AAD13800932309 /* PBXContainerItemProxy */ = {
			isa = PBXContainerItemProxy;
			containerPortal = 4CD5BFB4ABFA58202BC0EDCC /* Project object */;
			proxyType = 1;
			remoteGlobalIDString = 727C8D3A04326FCECA13A1D6;
			remoteInfo = "BitCrusher - VST";
		};
		D8DF281A29AAD13800932309 /* PBXContainerItemProxy */ = {
			isa = PBXContainerItemProxy;
			containerPortal = 4CD5BFB4ABFA58202BC0EDCC /* Project object */;
			proxyType = 1;
			remoteGlobalIDString = 3043AF16E9401430CEBA9082;
			remoteInfo = "BitCrusher - VST3";
		};
		D8DF281B29AAD13800932309 /* PBXContainerItemProxy */ = {
			isa = PBXContainerItemProxy;
			containerPortal = 4CD5BFB4ABFA58202BC0EDCC /* Project object */;
			proxyType = 1;
			remoteGlobalIDString = 0E87B176EA18354C90D04203;
			remoteInfo = "BitCrusher - Shared Code";
		};
/* End PBXContainerItemProxy section */

/* Begin PBXFileReference section */
		07D4B0BC34CA49A815DD9F3C /* juce_cryptography */ = {isa = PBXFileReference; lastKnownFileType = folder; name = juce_cryptography; path = ../../../../modules/juce_cryptography; sourceTree = SOURCE_ROOT; };
		08B2C6A35CAF7D9DD0DB6F09 /* juce_audio_processors */ = {isa = PBXFileReference; lastKnownFileType = folder; name = juce_audio_processors; path = ../../../../modules/juce_audio_processors; sourceTree = SOURCE_ROOT; };
		08CF0514FFBAA490A30CEE27 /* CustomLookAndFeel.cpp */ = {isa = PBXFileReference; lastKnownFileType = sourcecode.cpp.cpp; name = CustomLookAndFeel.cpp; path = ../../Source/CustomLookAndFeel.cpp; sourceTree = SOURCE_ROOT; };
		0909F1B447D64DCE58C297C6 /* include_juce_audio_processors.mm */ = {isa = PBXFileReference; lastKnownFileType = sourcecode.cpp.objcpp; name = include_juce_audio_processors.mm; path = ../../JuceLibraryCode/include_juce_audio_processors.mm; sourceTree = SOURCE_ROOT; };
		0C44E65A52D3E3A166AF00F6 /* juce_audio_devices */ = {isa = PBXFileReference; lastKnownFileType = folder; name = juce_audio_devices; path = ../../../../modules/juce_audio_devices; sourceTree = SOURCE_ROOT; };
		0F51E18AC12052BF9ED319F9 /* include_juce_audio_plugin_client_utils.cpp */ = {isa = PBXFileReference; lastKnownFileType = sourcecode.cpp.cpp; name = include_juce_audio_plugin_client_utils.cpp; path = ../../JuceLibraryCode/include_juce_audio_plugin_client_utils.cpp; sourceTree = SOURCE_ROOT; };
		1029813E785FDBFB0DA9CD16 /* BinaryData.cpp */ = {isa = PBXFileReference; lastKnownFileType = sourcecode.cpp.cpp; name = BinaryData.cpp; path = ../../JuceLibraryCode/BinaryData.cpp; sourceTree = SOURCE_ROOT; };
		10B201A553DC01211AEC4DD0 /* include_juce_audio_plugin_client_VST_utils.mm */ = {isa = PBXFileReference; lastKnownFileType = sourcecode.cpp.objcpp; name = include_juce_audio_plugin_client_VST_utils.mm; path = ../../JuceLibraryCode/include_juce_audio_plugin_client_VST_utils.mm; sourceTree = SOURCE_ROOT; };
		10ECD8BA8B924764A5806302 /* juce_opengl */ = {isa = PBXFileReference; lastKnownFileType = folder; name = juce_opengl; path = ../../../../modules/juce_opengl; sourceTree = SOURCE_ROOT; };
		12AFF86CEF2CE55634C06A38 /* juce_audio_basics */ = {isa = PBXFileReference; lastKnownFileType = folder; name = juce_audio_basics; path = ../../../../modules/juce_audio_basics; sourceTree = SOURCE_ROOT; };
		13ABAFD3AC38692C30A1D6BD /* BitCrusher.vst */ = {isa = PBXFileReference; explicitFileType = wrapper.cfbundle; includeInIndex = 0; path = BitCrusher.vst; sourceTree = BUILT_PRODUCTS_DIR; };
		162E18542BBC9BAE5E7522FF /* BitCrusher.vst3 */ = {isa = PBXFileReference; explicitFileType = wrapper.cfbundle; includeInIndex = 0; path = BitCrusher.vst3; sourceTree = BUILT_PRODUCTS_DIR; };
		16EA4E3829F7CAD46C62B541 /* JucePluginDefines.h */ = {isa = PBXFileReference; lastKnownFileType = sourcecode.c.h; name = JucePluginDefines.h; path = ../../JuceLibraryCode/JucePluginDefines.h; sourceTree = SOURCE_ROOT; };
		1743325B7F459A0E05F46087 /* Info-VST.plist */ = {isa = PBXFileReference; lastKnownFileType = text.plist.xml; path = "Info-VST.plist"; sourceTree = SOURCE_ROOT; };
		1E179F922E4BD0E0EF78E3EB /* PluginProcessor.cpp */ = {isa = PBXFileReference; lastKnownFileType = sourcecode.cpp.cpp; name = PluginProcessor.cpp; path = ../../Source/PluginProcessor.cpp; sourceTree = SOURCE_ROOT; };
		20C61C1C076AAB9DDAFFBBD6 /* Cocoa.framework */ = {isa = PBXFileReference; lastKnownFileType = wrapper.framework; name = Cocoa.framework; path = System/Library/Frameworks/Cocoa.framework; sourceTree = SDKROOT; };
		2A1951C39CEC9DC59478AE03 /* AudioToolbox.framework */ = {isa = PBXFileReference; lastKnownFileType = wrapper.framework; name = AudioToolbox.framework; path = System/Library/Frameworks/AudioToolbox.framework; sourceTree = SDKROOT; };
		303292D4CB2961BF1B2C16D9 /* include_juce_audio_plugin_client_ARA.cpp */ = {isa = PBXFileReference; lastKnownFileType = sourcecode.cpp.cpp; name = include_juce_audio_plugin_client_ARA.cpp; path = ../../JuceLibraryCode/include_juce_audio_plugin_client_ARA.cpp; sourceTree = SOURCE_ROOT; };
		31BE7470841F27F9E2CBDC8B /* include_juce_audio_plugin_client_VST2.cpp */ = {isa = PBXFileReference; lastKnownFileType = sourcecode.cpp.cpp; name = include_juce_audio_plugin_client_VST2.cpp; path = ../../JuceLibraryCode/include_juce_audio_plugin_client_VST2.cpp; sourceTree = SOURCE_ROOT; };
		3221CCBBE36D3E0EAAA3B524 /* include_juce_data_structures.mm */ = {isa = PBXFileReference; lastKnownFileType = sourcecode.cpp.objcpp; name = include_juce_data_structures.mm; path = ../../JuceLibraryCode/include_juce_data_structures.mm; sourceTree = SOURCE_ROOT; };
		345DB72B5CC82184A686D128 /* GlitchKnob1.png */ = {isa = PBXFileReference; lastKnownFileType = image.png; name = GlitchKnob1.png; path = ../../Resources/GlitchKnob1.png; sourceTree = SOURCE_ROOT; };
		40B7B8A4694285F5E82116DB /* BlackKnob.png */ = {isa = PBXFileReference; lastKnownFileType = image.png; name = BlackKnob.png; path = ../../Resources/BlackKnob.png; sourceTree = SOURCE_ROOT; };
		4224CC1F738966C1DFBFA53A /* BinaryData.h */ = {isa = PBXFileReference; lastKnownFileType = sourcecode.c.h; name = BinaryData.h; path = ../../JuceLibraryCode/BinaryData.h; sourceTree = SOURCE_ROOT; };
		4D2B8142294B5AC9F505B940 /* GlitchKnob2.png */ = {isa = PBXFileReference; lastKnownFileType = image.png; name = GlitchKnob2.png; path = ../../Resources/GlitchKnob2.png; sourceTree = SOURCE_ROOT; };
		5060BAD8E1C2B8BB10A309AB /* include_juce_audio_devices.mm */ = {isa = PBXFileReference; lastKnownFileType = sourcecode.cpp.objcpp; name = include_juce_audio_devices.mm; path = ../../JuceLibraryCode/include_juce_audio_devices.mm; sourceTree = SOURCE_ROOT; };
		5414B9A4D5BFD73F0ABA9E2D /* juce_audio_plugin_client */ = {isa = PBXFileReference; lastKnownFileType = folder; name = juce_audio_plugin_client; path = ../../../../modules/juce_audio_plugin_client; sourceTree = SOURCE_ROOT; };
		5BC01E2659B6F56B82BEF860 /* CustomLookAndFeel.h */ = {isa = PBXFileReference; lastKnownFileType = sourcecode.c.h; name = CustomLookAndFeel.h; path = ../../Source/CustomLookAndFeel.h; sourceTree = SOURCE_ROOT; };
		5C82861D39150AC965E61D1C /* OpenGL.framework */ = {isa = PBXFileReference; lastKnownFileType = wrapper.framework; name = OpenGL.framework; path = System/Library/Frameworks/OpenGL.framework; sourceTree = SDKROOT; };
		5D2AC21098B34BCD3AEA362E /* QuartzCore.framework */ = {isa = PBXFileReference; lastKnownFileType = wrapper.framework; name = QuartzCore.framework; path = System/Library/Frameworks/QuartzCore.framework; sourceTree = SDKROOT; };
		5E829B049225993ADD69CC1B /* PluginEditor.cpp */ = {isa = PBXFileReference; lastKnownFileType = sourcecode.cpp.cpp; name = PluginEditor.cpp; path = ../../Source/PluginEditor.cpp; sourceTree = SOURCE_ROOT; };
		629EC501128532EEF2426F41 /* include_juce_gui_extra.mm */ = {isa = PBXFileReference; lastKnownFileType = sourcecode.cpp.objcpp; name = include_juce_gui_extra.mm; path = ../../JuceLibraryCode/include_juce_gui_extra.mm; sourceTree = SOURCE_ROOT; };
		63759E8370B9846780EFD0B4 /* CoreMedia.framework */ = {isa = PBXFileReference; lastKnownFileType = wrapper.framework; name = CoreMedia.framework; path = System/Library/Frameworks/CoreMedia.framework; sourceTree = SDKROOT; };
		6678E46DA04EA66E46416700 /* AVKit.framework */ = {isa = PBXFileReference; lastKnownFileType = wrapper.framework; name = AVKit.framework; path = System/Library/Frameworks/AVKit.framework; sourceTree = SDKROOT; };
		6C5A981ED07CC34C34361549 /* include_juce_events.mm */ = {isa = PBXFileReference; lastKnownFileType = sourcecode.cpp.objcpp; name = include_juce_events.mm; path = ../../JuceLibraryCode/include_juce_events.mm; sourceTree = SOURCE_ROOT; };
		7130A3EBF837C2D333E2E923 /* include_juce_audio_formats.mm */ = {isa = PBXFileReference; lastKnownFileType = sourcecode.cpp.objcpp; name = include_juce_audio_formats.mm; path = ../../JuceLibraryCode/include_juce_audio_formats.mm; sourceTree = SOURCE_ROOT; };
		733F344ABA93E2047C7C0CC8 /* juce_audio_formats */ = {isa = PBXFileReference; lastKnownFileType = folder; name = juce_audio_formats; path = ../../../../modules/juce_audio_formats; sourceTree = SOURCE_ROOT; };
		791CCBDC5DFABE57700B58CE /* juce_gui_basics */ = {isa = PBXFileReference; lastKnownFileType = folder; name = juce_gui_basics; path = ../../../../modules/juce_gui_basics; sourceTree = SOURCE_ROOT; };
		7AF673DD3829796339D12D06 /* BinaryData2.cpp */ = {isa = PBXFileReference; lastKnownFileType = sourcecode.cpp.cpp; name = BinaryData2.cpp; path = ../../JuceLibraryCode/BinaryData2.cpp; sourceTree = SOURCE_ROOT; };
		7F6768485DD61EBABA481E12 /* juce_video */ = {isa = PBXFileReference; lastKnownFileType = folder; name = juce_video; path = ../../../../modules/juce_video; sourceTree = SOURCE_ROOT; };
		8365190580B33F5D5689398E /* juce_events */ = {isa = PBXFileReference; lastKnownFileType = folder; name = juce_events; path = ../../../../modules/juce_events; sourceTree = SOURCE_ROOT; };
		8A4F14F4D0B3D38169783C08 /* include_juce_audio_basics.mm */ = {isa = PBXFileReference; lastKnownFileType = sourcecode.cpp.objcpp; name = include_juce_audio_basics.mm; path = ../../JuceLibraryCode/include_juce_audio_basics.mm; sourceTree = SOURCE_ROOT; };
		8B3B33ADA931BAF494CC237C /* AppConfig.h */ = {isa = PBXFileReference; lastKnownFileType = sourcecode.c.h; name = AppConfig.h; path = ../../JuceLibraryCode/AppConfig.h; sourceTree = SOURCE_ROOT; };
		8E778121E308B80652EB570C /* AVFoundation.framework */ = {isa = PBXFileReference; lastKnownFileType = wrapper.framework; name = AVFoundation.framework; path = System/Library/Frameworks/AVFoundation.framework; sourceTree = SDKROOT; };
		8F5575085F32B5BF72F80CB1 /* juce_core */ = {isa = PBXFileReference; lastKnownFileType = folder; name = juce_core; path = ../../../../modules/juce_core; sourceTree = SOURCE_ROOT; };
		912B0C4C7BF43EF3B4D7FAB9 /* PluginEditor.h */ = {isa = PBXFileReference; lastKnownFileType = sourcecode.c.h; name = PluginEditor.h; path = ../../Source/PluginEditor.h; sourceTree = SOURCE_ROOT; };
		941FB241B2E156E02D134B2D /* include_juce_gui_basics.mm */ = {isa = PBXFileReference; lastKnownFileType = sourcecode.cpp.objcpp; name = include_juce_gui_basics.mm; path = ../../JuceLibraryCode/include_juce_gui_basics.mm; sourceTree = SOURCE_ROOT; };
		955269415332BEF48DB971BB /* juce_data_structures */ = {isa = PBXFileReference; lastKnownFileType = folder; name = juce_data_structures; path = ../../../../modules/juce_data_structures; sourceTree = SOURCE_ROOT; };
		9A31DB3CD91D194C30C7A816 /* juce_gui_extra */ = {isa = PBXFileReference; lastKnownFileType = folder; name = juce_gui_extra; path = ../../../../modules/juce_gui_extra; sourceTree = SOURCE_ROOT; };
		9B284B55EE9DD4C9A7D9B628 /* Info-VST3.plist */ = {isa = PBXFileReference; lastKnownFileType = text.plist.xml; path = "Info-VST3.plist"; sourceTree = SOURCE_ROOT; };
		9D605AE2D5945E2904AA2D28 /* include_juce_core.mm */ = {isa = PBXFileReference; lastKnownFileType = sourcecode.cpp.objcpp; name = include_juce_core.mm; path = ../../JuceLibraryCode/include_juce_core.mm; sourceTree = SOURCE_ROOT; };
		A1BAB6063674135BC45E9479 /* IOKit.framework */ = {isa = PBXFileReference; lastKnownFileType = wrapper.framework; name = IOKit.framework; path = System/Library/Frameworks/IOKit.framework; sourceTree = SDKROOT; };
		AC60B96D0025561D9794E306 /* WebKit.framework */ = {isa = PBXFileReference; lastKnownFileType = wrapper.framework; name = WebKit.framework; path = System/Library/Frameworks/WebKit.framework; sourceTree = SDKROOT; };
		B059D0138E88BE48BAFD888F /* RecentFilesMenuTemplate.nib */ = {isa = PBXFileReference; lastKnownFileType = file.nib; path = RecentFilesMenuTemplate.nib; sourceTree = SOURCE_ROOT; };
		B42033F8250A7A2AC6C3FF2C /* libBitCrusher.a */ = {isa = PBXFileReference; explicitFileType = archive.ar; includeInIndex = 0; path = libBitCrusher.a; sourceTree = BUILT_PRODUCTS_DIR; };
		C01A3F8E891FC02922051A17 /* include_juce_opengl.mm */ = {isa = PBXFileReference; lastKnownFileType = sourcecode.cpp.objcpp; name = include_juce_opengl.mm; path = ../../JuceLibraryCode/include_juce_opengl.mm; sourceTree = SOURCE_ROOT; };
		C15B9CB8F682505EB1CBCB61 /* juce_graphics */ = {isa = PBXFileReference; lastKnownFileType = folder; name = juce_graphics; path = ../../../../modules/juce_graphics; sourceTree = SOURCE_ROOT; };
		CB5900D761B23C489E510676 /* include_juce_cryptography.mm */ = {isa = PBXFileReference; lastKnownFileType = sourcecode.cpp.objcpp; name = include_juce_cryptography.mm; path = ../../JuceLibraryCode/include_juce_cryptography.mm; sourceTree = SOURCE_ROOT; };
		CB65B455E58CD79F2BA9E817 /* CoreAudio.framework */ = {isa = PBXFileReference; lastKnownFileType = wrapper.framework; name = CoreAudio.framework; path = System/Library/Frameworks/CoreAudio.framework; sourceTree = SDKROOT; };
		CC63028812DF3866B81750A8 /* include_juce_graphics.mm */ = {isa = PBXFileReference; lastKnownFileType = sourcecode.cpp.objcpp; name = include_juce_graphics.mm; path = ../../JuceLibraryCode/include_juce_graphics.mm; sourceTree = SOURCE_ROOT; };
		DA010CDA9FC04B570EF9B5E0 /* CoreMIDI.framework */ = {isa = PBXFileReference; lastKnownFileType = wrapper.framework; name = CoreMIDI.framework; path = System/Library/Frameworks/CoreMIDI.framework; sourceTree = SDKROOT; };
		DB2A48C55F5B77237284982B /* Accelerate.framework */ = {isa = PBXFileReference; lastKnownFileType = wrapper.framework; name = Accelerate.framework; path = System/Library/Frameworks/Accelerate.framework; sourceTree = SDKROOT; };
		E048994BC33E9E9287BA4CD6 /* Foundation.framework */ = {isa = PBXFileReference; lastKnownFileType = wrapper.framework; name = Foundation.framework; path = System/Library/Frameworks/Foundation.framework; sourceTree = SDKROOT; };
		E28D1342E78EB7DD16502E90 /* PluginProcessor.h */ = {isa = PBXFileReference; lastKnownFileType = sourcecode.c.h; name = PluginProcessor.h; path = ../../Source/PluginProcessor.h; sourceTree = SOURCE_ROOT; };
		E60EDC9E4C92EFB5D7C6E8E3 /* JuceHeader.h */ = {isa = PBXFileReference; lastKnownFileType = sourcecode.c.h; name = JuceHeader.h; path = ../../JuceLibraryCode/JuceHeader.h; sourceTree = SOURCE_ROOT; };
		E839118595B85224CB37EF56 /* include_juce_audio_processors_lv2_libs.cpp */ = {isa = PBXFileReference; lastKnownFileType = sourcecode.cpp.cpp; name = include_juce_audio_processors_lv2_libs.cpp; path = ../../JuceLibraryCode/include_juce_audio_processors_lv2_libs.cpp; sourceTree = SOURCE_ROOT; };
		E847F67E0B00723451F1BE40 /* include_juce_audio_plugin_client_VST3.cpp */ = {isa = PBXFileReference; lastKnownFileType = sourcecode.cpp.cpp; name = include_juce_audio_plugin_client_VST3.cpp; path = ../../JuceLibraryCode/include_juce_audio_plugin_client_VST3.cpp; sourceTree = SOURCE_ROOT; };
		F1A696EB2EF15FCBE9895CCA /* include_juce_audio_processors_ara.cpp */ = {isa = PBXFileReference; lastKnownFileType = sourcecode.cpp.cpp; name = include_juce_audio_processors_ara.cpp; path = ../../JuceLibraryCode/include_juce_audio_processors_ara.cpp; sourceTree = SOURCE_ROOT; };
		F5C8A07F7F7B90396222FF59 /* include_juce_video.mm */ = {isa = PBXFileReference; lastKnownFileType = sourcecode.cpp.objcpp; name = include_juce_video.mm; path = ../../JuceLibraryCode/include_juce_video.mm; sourceTree = SOURCE_ROOT; };
/* End PBXFileReference section */

/* Begin PBXFrameworksBuildPhase section */
		8639D5480E24F5A665417E39 /* Frameworks */ = {
			isa = PBXFrameworksBuildPhase;
			buildActionMask = 2147483647;
			files = (
				D8DF280A29AAD13200932309 /* Accelerate.framework in Frameworks */,
				D8DF280B29AAD13200932309 /* AudioToolbox.framework in Frameworks */,
				D8DF280C29AAD13200932309 /* AVFoundation.framework in Frameworks */,
				D8DF280D29AAD13200932309 /* AVKit.framework in Frameworks */,
				D8DF280E29AAD13200932309 /* Cocoa.framework in Frameworks */,
				D8DF280F29AAD13200932309 /* CoreAudio.framework in Frameworks */,
				D8DF281029AAD13200932309 /* CoreMedia.framework in Frameworks */,
				D8DF281129AAD13200932309 /* CoreMIDI.framework in Frameworks */,
				D8DF281229AAD13200932309 /* Foundation.framework in Frameworks */,
				D8DF281329AAD13200932309 /* IOKit.framework in Frameworks */,
				D8DF281429AAD13200932309 /* OpenGL.framework in Frameworks */,
				D8DF281529AAD13200932309 /* QuartzCore.framework in Frameworks */,
				D8DF281629AAD13200932309 /* WebKit.framework in Frameworks */,
			);
			runOnlyForDeploymentPostprocessing = 0;
		};
		DCAE182A8D0C9A9385ADDC37 /* Frameworks */ = {
			isa = PBXFrameworksBuildPhase;
			buildActionMask = 2147483647;
			files = (
				FB12BB4198F4DCB9D3E2CD91 /* Accelerate.framework in Frameworks */,
				47602975B3A01D37D0FDE448 /* AudioToolbox.framework in Frameworks */,
				EEAEA7947CA50DA358395E1E /* AVFoundation.framework in Frameworks */,
				9D34EFB04637A2BA368740B3 /* AVKit.framework in Frameworks */,
				724167E822832382D59A2228 /* Cocoa.framework in Frameworks */,
				CA53E8FDFDB9145FE52FA278 /* CoreAudio.framework in Frameworks */,
				6F9735B35B4EDDCEC9653019 /* CoreMedia.framework in Frameworks */,
				7FE1303982C46B742CAE9EA6 /* CoreMIDI.framework in Frameworks */,
				47F463726A8DD26076929174 /* Foundation.framework in Frameworks */,
				AB97AD34ECF2ECD6CCD5377B /* IOKit.framework in Frameworks */,
				98683C5EF3CB382204BD5F46 /* OpenGL.framework in Frameworks */,
				FBF0877DD7BD6294A4EAC427 /* QuartzCore.framework in Frameworks */,
				896C05089C56EB5F7D6EF680 /* WebKit.framework in Frameworks */,
			);
			runOnlyForDeploymentPostprocessing = 0;
		};
/* End PBXFrameworksBuildPhase section */

/* Begin PBXGroup section */
		00687DD1181C01E2A70E84A3 /* Frameworks */ = {
			isa = PBXGroup;
			children = (
				DB2A48C55F5B77237284982B /* Accelerate.framework */,
				2A1951C39CEC9DC59478AE03 /* AudioToolbox.framework */,
				8E778121E308B80652EB570C /* AVFoundation.framework */,
				6678E46DA04EA66E46416700 /* AVKit.framework */,
				20C61C1C076AAB9DDAFFBBD6 /* Cocoa.framework */,
				CB65B455E58CD79F2BA9E817 /* CoreAudio.framework */,
				63759E8370B9846780EFD0B4 /* CoreMedia.framework */,
				DA010CDA9FC04B570EF9B5E0 /* CoreMIDI.framework */,
				E048994BC33E9E9287BA4CD6 /* Foundation.framework */,
				A1BAB6063674135BC45E9479 /* IOKit.framework */,
				5C82861D39150AC965E61D1C /* OpenGL.framework */,
				5D2AC21098B34BCD3AEA362E /* QuartzCore.framework */,
				AC60B96D0025561D9794E306 /* WebKit.framework */,
			);
			name = Frameworks;
			sourceTree = "<group>";
		};
		461F45D01E35306C51F52208 /* Products */ = {
			isa = PBXGroup;
			children = (
				13ABAFD3AC38692C30A1D6BD /* BitCrusher.vst */,
				162E18542BBC9BAE5E7522FF /* BitCrusher.vst3 */,
				B42033F8250A7A2AC6C3FF2C /* libBitCrusher.a */,
			);
			name = Products;
			sourceTree = "<group>";
		};
		4F951998B6C2A082248EF6AE /* JUCE Modules */ = {
			isa = PBXGroup;
			children = (
				12AFF86CEF2CE55634C06A38 /* juce_audio_basics */,
				0C44E65A52D3E3A166AF00F6 /* juce_audio_devices */,
				733F344ABA93E2047C7C0CC8 /* juce_audio_formats */,
				5414B9A4D5BFD73F0ABA9E2D /* juce_audio_plugin_client */,
				08B2C6A35CAF7D9DD0DB6F09 /* juce_audio_processors */,
				8F5575085F32B5BF72F80CB1 /* juce_core */,
				07D4B0BC34CA49A815DD9F3C /* juce_cryptography */,
				955269415332BEF48DB971BB /* juce_data_structures */,
				8365190580B33F5D5689398E /* juce_events */,
				C15B9CB8F682505EB1CBCB61 /* juce_graphics */,
				791CCBDC5DFABE57700B58CE /* juce_gui_basics */,
				9A31DB3CD91D194C30C7A816 /* juce_gui_extra */,
				10ECD8BA8B924764A5806302 /* juce_opengl */,
				7F6768485DD61EBABA481E12 /* juce_video */,
			);
			name = "JUCE Modules";
			sourceTree = "<group>";
		};
		4FEBCB3468298B19CA0834E1 /* Source */ = {
			isa = PBXGroup;
			children = (
				345DB72B5CC82184A686D128 /* GlitchKnob1.png */,
				4D2B8142294B5AC9F505B940 /* GlitchKnob2.png */,
				40B7B8A4694285F5E82116DB /* BlackKnob.png */,
				08CF0514FFBAA490A30CEE27 /* CustomLookAndFeel.cpp */,
				5BC01E2659B6F56B82BEF860 /* CustomLookAndFeel.h */,
				1E179F922E4BD0E0EF78E3EB /* PluginProcessor.cpp */,
				E28D1342E78EB7DD16502E90 /* PluginProcessor.h */,
				5E829B049225993ADD69CC1B /* PluginEditor.cpp */,
				912B0C4C7BF43EF3B4D7FAB9 /* PluginEditor.h */,
			);
			name = Source;
			sourceTree = "<group>";
		};
		8B8BE27A5CCB05779EE07FCA /* JUCE Library Code */ = {
			isa = PBXGroup;
			children = (
				8B3B33ADA931BAF494CC237C /* AppConfig.h */,
				1029813E785FDBFB0DA9CD16 /* BinaryData.cpp */,
				4224CC1F738966C1DFBFA53A /* BinaryData.h */,
				7AF673DD3829796339D12D06 /* BinaryData2.cpp */,
				8A4F14F4D0B3D38169783C08 /* include_juce_audio_basics.mm */,
				5060BAD8E1C2B8BB10A309AB /* include_juce_audio_devices.mm */,
				7130A3EBF837C2D333E2E923 /* include_juce_audio_formats.mm */,
				303292D4CB2961BF1B2C16D9 /* include_juce_audio_plugin_client_ARA.cpp */,
				0F51E18AC12052BF9ED319F9 /* include_juce_audio_plugin_client_utils.cpp */,
				10B201A553DC01211AEC4DD0 /* include_juce_audio_plugin_client_VST_utils.mm */,
				31BE7470841F27F9E2CBDC8B /* include_juce_audio_plugin_client_VST2.cpp */,
				E847F67E0B00723451F1BE40 /* include_juce_audio_plugin_client_VST3.cpp */,
				0909F1B447D64DCE58C297C6 /* include_juce_audio_processors.mm */,
				F1A696EB2EF15FCBE9895CCA /* include_juce_audio_processors_ara.cpp */,
				E839118595B85224CB37EF56 /* include_juce_audio_processors_lv2_libs.cpp */,
				9D605AE2D5945E2904AA2D28 /* include_juce_core.mm */,
				CB5900D761B23C489E510676 /* include_juce_cryptography.mm */,
				3221CCBBE36D3E0EAAA3B524 /* include_juce_data_structures.mm */,
				6C5A981ED07CC34C34361549 /* include_juce_events.mm */,
				CC63028812DF3866B81750A8 /* include_juce_graphics.mm */,
				941FB241B2E156E02D134B2D /* include_juce_gui_basics.mm */,
				629EC501128532EEF2426F41 /* include_juce_gui_extra.mm */,
				C01A3F8E891FC02922051A17 /* include_juce_opengl.mm */,
				F5C8A07F7F7B90396222FF59 /* include_juce_video.mm */,
				E60EDC9E4C92EFB5D7C6E8E3 /* JuceHeader.h */,
				16EA4E3829F7CAD46C62B541 /* JucePluginDefines.h */,
			);
			name = "JUCE Library Code";
			sourceTree = "<group>";
		};
		C806BD3955820979AF2CF609 /* Resources */ = {
			isa = PBXGroup;
			children = (
				1743325B7F459A0E05F46087 /* Info-VST.plist */,
				9B284B55EE9DD4C9A7D9B628 /* Info-VST3.plist */,
				B059D0138E88BE48BAFD888F /* RecentFilesMenuTemplate.nib */,
			);
			name = Resources;
			sourceTree = "<group>";
		};
		DD89E16B8AF07FE60571E1DF /* BitCrusher */ = {
			isa = PBXGroup;
			children = (
				4FEBCB3468298B19CA0834E1 /* Source */,
			);
			name = BitCrusher;
			sourceTree = "<group>";
		};
		E61CD8A8C4247F54151B39E7 /* Source */ = {
			isa = PBXGroup;
			children = (
				DD89E16B8AF07FE60571E1DF /* BitCrusher */,
				4F951998B6C2A082248EF6AE /* JUCE Modules */,
				8B8BE27A5CCB05779EE07FCA /* JUCE Library Code */,
				C806BD3955820979AF2CF609 /* Resources */,
				00687DD1181C01E2A70E84A3 /* Frameworks */,
				461F45D01E35306C51F52208 /* Products */,
			);
			name = Source;
			sourceTree = "<group>";
		};
/* End PBXGroup section */

/* Begin PBXNativeTarget section */
		0E87B176EA18354C90D04203 /* BitCrusher - Shared Code */ = {
			isa = PBXNativeTarget;
			buildConfigurationList = F5EDE0706C4652C2E0F5E911 /* Build configuration list for PBXNativeTarget "BitCrusher - Shared Code" */;
			buildPhases = (
				FCB607B7D823DE35F82BEDDF /* Sources */,
				B6FEC40E79A465C7EF1764A7 /* Post-build script */,
			);
			buildRules = (
			);
			dependencies = (
			);
			name = "BitCrusher - Shared Code";
			productName = BitCrusher;
			productReference = B42033F8250A7A2AC6C3FF2C /* libBitCrusher.a */;
			productType = "com.apple.product-type.library.static";
		};
		3043AF16E9401430CEBA9082 /* BitCrusher - VST3 */ = {
			isa = PBXNativeTarget;
			buildConfigurationList = 18E025586E71A5B672594D31 /* Build configuration list for PBXNativeTarget "BitCrusher - VST3" */;
			buildPhases = (
				6EB9FC4E5989EA6C8A4EE9C0 /* Resources */,
				D8CEF0A3C4B3BC5EDE6A8717 /* Sources */,
				8639D5480E24F5A665417E39 /* Frameworks */,
				48B733241E9E352338227821 /* Post-build script */,
			);
			buildRules = (
			);
			dependencies = (
				4DA31DE2903462D3E5BEE062 /* PBXTargetDependency */,
			);
			name = "BitCrusher - VST3";
			productName = BitCrusher;
			productReference = 162E18542BBC9BAE5E7522FF /* BitCrusher.vst3 */;
			productType = "com.apple.product-type.bundle";
		};
		727C8D3A04326FCECA13A1D6 /* BitCrusher - VST */ = {
			isa = PBXNativeTarget;
			buildConfigurationList = 511BE1D04A6D8FE0C662A2F6 /* Build configuration list for PBXNativeTarget "BitCrusher - VST" */;
			buildPhases = (
				EC97FE4811FD1DEE18FE696B /* Resources */,
				26475AF86FC75612D3FA651A /* Sources */,
				DCAE182A8D0C9A9385ADDC37 /* Frameworks */,
				4A6AC17ECCBEE36485CE069D /* Post-build script */,
			);
			buildRules = (
			);
			dependencies = (
				4EDAB2E0B789FD68CDECA39E /* PBXTargetDependency */,
			);
			name = "BitCrusher - VST";
			productName = BitCrusher;
			productReference = 13ABAFD3AC38692C30A1D6BD /* BitCrusher.vst */;
			productType = "com.apple.product-type.bundle";
		};
/* End PBXNativeTarget section */

/* Begin PBXProject section */
		4CD5BFB4ABFA58202BC0EDCC /* Project object */ = {
			isa = PBXProject;
			attributes = {
				LastUpgradeCheck = 1340;
				ORGANIZATIONNAME = "";
				TargetAttributes = {
					0E87B176EA18354C90D04203 = {
						SystemCapabilities = {
							com.apple.ApplicationGroups.iOS = {
								enabled = 0;
							};
							com.apple.HardenedRuntime = {
								enabled = 0;
							};
							com.apple.InAppPurchase = {
								enabled = 0;
							};
							com.apple.InterAppAudio = {
								enabled = 0;
							};
							com.apple.Push = {
								enabled = 0;
							};
							com.apple.Sandbox = {
								enabled = 0;
							};
						};
					};
					3043AF16E9401430CEBA9082 = {
						SystemCapabilities = {
							com.apple.ApplicationGroups.iOS = {
								enabled = 0;
							};
							com.apple.HardenedRuntime = {
								enabled = 0;
							};
							com.apple.InAppPurchase = {
								enabled = 0;
							};
							com.apple.InterAppAudio = {
								enabled = 0;
							};
							com.apple.Push = {
								enabled = 0;
							};
							com.apple.Sandbox = {
								enabled = 0;
							};
						};
					};
					566F74DEFA47327B0BB90FFE = {
						SystemCapabilities = {
							com.apple.ApplicationGroups.iOS = {
								enabled = 0;
							};
							com.apple.HardenedRuntime = {
								enabled = 0;
							};
							com.apple.InAppPurchase = {
								enabled = 0;
							};
							com.apple.InterAppAudio = {
								enabled = 0;
							};
							com.apple.Push = {
								enabled = 0;
							};
							com.apple.Sandbox = {
								enabled = 0;
							};
						};
					};
					727C8D3A04326FCECA13A1D6 = {
						SystemCapabilities = {
							com.apple.ApplicationGroups.iOS = {
								enabled = 0;
							};
							com.apple.HardenedRuntime = {
								enabled = 0;
							};
							com.apple.InAppPurchase = {
								enabled = 0;
							};
							com.apple.InterAppAudio = {
								enabled = 0;
							};
							com.apple.Push = {
								enabled = 0;
							};
							com.apple.Sandbox = {
								enabled = 0;
							};
						};
					};
				};
			};
			buildConfigurationList = 1E4596CCB332D158B222D9AA /* Build configuration list for PBXProject "BitCrusher" */;
			compatibilityVersion = "Xcode 3.2";
			developmentRegion = en;
			hasScannedForEncodings = 0;
			knownRegions = (
				en,
				Base,
			);
			mainGroup = E61CD8A8C4247F54151B39E7 /* Source */;
			projectDirPath = "";
			projectRoot = "";
			targets = (
				566F74DEFA47327B0BB90FFE /* BitCrusher - All */,
				727C8D3A04326FCECA13A1D6 /* BitCrusher - VST */,
				3043AF16E9401430CEBA9082 /* BitCrusher - VST3 */,
				0E87B176EA18354C90D04203 /* BitCrusher - Shared Code */,
			);
		};
/* End PBXProject section */

/* Begin PBXResourcesBuildPhase section */
		6EB9FC4E5989EA6C8A4EE9C0 /* Resources */ = {
			isa = PBXResourcesBuildPhase;
			buildActionMask = 2147483647;
			files = (
				D8DF280929AAD13200932309 /* RecentFilesMenuTemplate.nib in Resources */,
			);
			runOnlyForDeploymentPostprocessing = 0;
		};
		EC97FE4811FD1DEE18FE696B /* Resources */ = {
			isa = PBXResourcesBuildPhase;
			buildActionMask = 2147483647;
			files = (
				196CF0C871FD39C6290A1977 /* RecentFilesMenuTemplate.nib in Resources */,
			);
			runOnlyForDeploymentPostprocessing = 0;
		};
/* End PBXResourcesBuildPhase section */

/* Begin PBXShellScriptBuildPhase section */
		48B733241E9E352338227821 /* Post-build script */ = {
			isa = PBXShellScriptBuildPhase;
			alwaysOutOfDate = 1;
			buildActionMask = 2147483647;
			files = (
			);
			name = "Post-build script";
			runOnlyForDeploymentPostprocessing = 0;
			shellPath = /bin/sh;
			shellScript = "\n# This script takes the build product and copies it to the AU, VST, VST3, RTAS and AAX folders, depending on \n# which plugin types you've built\n\noriginal=$CONFIGURATION_BUILD_DIR/$FULL_PRODUCT_NAME\n\n# this looks inside the binary to detect which platforms are needed.. \ncopyAU=`nm -g \"$CONFIGURATION_BUILD_DIR/$EXECUTABLE_PATH\" | grep -i 'AudioUnit' | wc -l`\ncopyVST=`nm -g \"$CONFIGURATION_BUILD_DIR/$EXECUTABLE_PATH\" | grep -i 'VSTPlugin' | wc -l`\ncopyVST3=`nm -g \"$CONFIGURATION_BUILD_DIR/$EXECUTABLE_PATH\" | grep -i 'GetPluginFactory' | wc -l`\ncopyRTAS=`nm -g \"$CONFIGURATION_BUILD_DIR/$EXECUTABLE_PATH\" | grep -i 'CProcess' | wc -l`\ncopyAAX=`nm -g \"$CONFIGURATION_BUILD_DIR/$EXECUTABLE_PATH\" | grep -i 'ACFStartup' | wc -l`\n\nif [ $copyAU -gt 0 ]; then\n  echo \"Copying to AudioUnit folder...\"\n  AUDir=~/Library/Audio/Plug-Ins/Components\n  mkdir -p \"$AUDir\"\n  AU=$AUDir/$PRODUCT_NAME.component\n  if [ -d \"$AU\" ]; then \n    rm -r \"$AU\"\n  fi\n\n  cp -r \"$original\" \"$AU\"\n  sed -i \"\" -e 's/TDMwPTul/BNDLPTul/g' \"$AU/Contents/PkgInfo\"\n  sed -i \"\" -e 's/TDMw/BNDL/g' \"$AU/Contents/$INFOPLIST_FILE\"\nfi\n\nif [ $copyVST -gt 0 ]; then\n  echo \"Copying to VST folder...\"\n  VSTDir=~/Library/Audio/Plug-Ins/VST\n  mkdir -p \"$VSTDir\"\n  VST=$VSTDir/$PRODUCT_NAME.vst\n  if [ -d \"$VST\" ]; then \n    rm -r \"$VST\"\n  fi\n\n  cp -r \"$original\" \"$VST\"\n  sed -i \"\" -e 's/TDMwPTul/BNDLPTul/g' \"$VST/Contents/PkgInfo\"\n  sed -i \"\" -e 's/TDMw/BNDL/g' \"$VST/Contents/$INFOPLIST_FILE\"\nfi\n\nif [ $copyVST3 -gt 0 ]; then\n  echo \"Copying to VST3 folder...\"\n  VST3Dir=~/Library/Audio/Plug-Ins/VST3\n  mkdir -p \"$VST3Dir\"\n  VST3=$VST3Dir/$PRODUCT_NAME.vst3\n  if [ -d \"$VST3\" ]; then \n    rm -r \"$VST3\"\n  fi\n\n  cp -r \"$original\" \"$VST3\"\n  sed -i \"\" -e 's/TDMwPTul/BNDLPTul/g' \"$VST3/Contents/PkgInfo\"\n  sed -i \"\" -e 's/TDMw/BNDL/g' \"$VST3/Contents/$INFOPLIST_FILE\"\nfi\n\nif [ $copyRTAS -gt 0 ]; then\n  echo \"Copying to RTAS folder...\"\n  RTASDir=/Library/Application\\ Support/Digidesign/Plug-Ins\n  if [ -d \"$RTASDir\" ]; then\n    RTAS=$RTASDir/$PRODUCT_NAME.dpm\n    if [ -d \"$RTAS\" ]; then\n      rm -r \"$RTAS\"\n    fi\n\n    cp -r \"$original\" \"$RTAS\"\n  fi\nfi\n\nif [ $copyAAX -gt 0 ]; then\n  echo \"Copying to AAX folder...\"\n\n  if [ -d \"/Applications/ProTools_3PDev/Plug-Ins\" ]; then\n    AAX1=\"/Applications/ProTools_3PDev/Plug-Ins/$PRODUCT_NAME.aaxplugin\"\n\n    if [ -d \"$AAX1\" ]; then\n      rm -r \"$AAX1\"\n    fi\n\n    cp -R -H \"$original\" \"$AAX1\"\n  fi\n\n  if [ -d \"/Library/Application Support/Avid/Audio/Plug-Ins\" ]; then\n    AAX2=\"/Library/Application Support/Avid/Audio/Plug-Ins/$PRODUCT_NAME.aaxplugin\"\n\n    if [ -d \"$AAX2\" ]; then\n      rm -r \"$AAX2\"\n    fi\n\n    cp -R -H \"$original\" \"$AAX2\"\n  fi\nfi\n";
		};
		4A6AC17ECCBEE36485CE069D /* Post-build script */ = {
			isa = PBXShellScriptBuildPhase;
			alwaysOutOfDate = 1;
			buildActionMask = 2147483647;
			files = (
			);
			name = "Post-build script";
			runOnlyForDeploymentPostprocessing = 0;
			shellPath = /bin/sh;
			shellScript = "\n# This script takes the build product and copies it to the AU, VST, VST3, RTAS and AAX folders, depending on \n# which plugin types you've built\n\noriginal=$CONFIGURATION_BUILD_DIR/$FULL_PRODUCT_NAME\n\n# this looks inside the binary to detect which platforms are needed.. \ncopyAU=`nm -g \"$CONFIGURATION_BUILD_DIR/$EXECUTABLE_PATH\" | grep -i 'AudioUnit' | wc -l`\ncopyVST=`nm -g \"$CONFIGURATION_BUILD_DIR/$EXECUTABLE_PATH\" | grep -i 'VSTPlugin' | wc -l`\ncopyVST3=`nm -g \"$CONFIGURATION_BUILD_DIR/$EXECUTABLE_PATH\" | grep -i 'GetPluginFactory' | wc -l`\ncopyRTAS=`nm -g \"$CONFIGURATION_BUILD_DIR/$EXECUTABLE_PATH\" | grep -i 'CProcess' | wc -l`\ncopyAAX=`nm -g \"$CONFIGURATION_BUILD_DIR/$EXECUTABLE_PATH\" | grep -i 'ACFStartup' | wc -l`\n\nif [ $copyAU -gt 0 ]; then\n  echo \"Copying to AudioUnit folder...\"\n  AUDir=~/Library/Audio/Plug-Ins/Components\n  mkdir -p \"$AUDir\"\n  AU=$AUDir/$PRODUCT_NAME.component\n  if [ -d \"$AU\" ]; then \n    rm -r \"$AU\"\n  fi\n\n  cp -r \"$original\" \"$AU\"\n  sed -i \"\" -e 's/TDMwPTul/BNDLPTul/g' \"$AU/Contents/PkgInfo\"\n  sed -i \"\" -e 's/TDMw/BNDL/g' \"$AU/Contents/$INFOPLIST_FILE\"\nfi\n\nif [ $copyVST -gt 0 ]; then\n  echo \"Copying to VST folder...\"\n  VSTDir=~/Library/Audio/Plug-Ins/VST\n  mkdir -p \"$VSTDir\"\n  VST=$VSTDir/$PRODUCT_NAME.vst\n  if [ -d \"$VST\" ]; then \n    rm -r \"$VST\"\n  fi\n\n  cp -r \"$original\" \"$VST\"\n  sed -i \"\" -e 's/TDMwPTul/BNDLPTul/g' \"$VST/Contents/PkgInfo\"\n  sed -i \"\" -e 's/TDMw/BNDL/g' \"$VST/Contents/$INFOPLIST_FILE\"\nfi\n\nif [ $copyVST3 -gt 0 ]; then\n  echo \"Copying to VST3 folder...\"\n  VST3Dir=~/Library/Audio/Plug-Ins/VST3\n  mkdir -p \"$VST3Dir\"\n  VST3=$VST3Dir/$PRODUCT_NAME.vst3\n  if [ -d \"$VST3\" ]; then \n    rm -r \"$VST3\"\n  fi\n\n  cp -r \"$original\" \"$VST3\"\n  sed -i \"\" -e 's/TDMwPTul/BNDLPTul/g' \"$VST3/Contents/PkgInfo\"\n  sed -i \"\" -e 's/TDMw/BNDL/g' \"$VST3/Contents/$INFOPLIST_FILE\"\nfi\n\nif [ $copyRTAS -gt 0 ]; then\n  echo \"Copying to RTAS folder...\"\n  RTASDir=/Library/Application\\ Support/Digidesign/Plug-Ins\n  if [ -d \"$RTASDir\" ]; then\n    RTAS=$RTASDir/$PRODUCT_NAME.dpm\n    if [ -d \"$RTAS\" ]; then\n      rm -r \"$RTAS\"\n    fi\n\n    cp -r \"$original\" \"$RTAS\"\n  fi\nfi\n\nif [ $copyAAX -gt 0 ]; then\n  echo \"Copying to AAX folder...\"\n\n  if [ -d \"/Applications/ProTools_3PDev/Plug-Ins\" ]; then\n    AAX1=\"/Applications/ProTools_3PDev/Plug-Ins/$PRODUCT_NAME.aaxplugin\"\n\n    if [ -d \"$AAX1\" ]; then\n      rm -r \"$AAX1\"\n    fi\n\n    cp -R -H \"$original\" \"$AAX1\"\n  fi\n\n  if [ -d \"/Library/Application Support/Avid/Audio/Plug-Ins\" ]; then\n    AAX2=\"/Library/Application Support/Avid/Audio/Plug-Ins/$PRODUCT_NAME.aaxplugin\"\n\n    if [ -d \"$AAX2\" ]; then\n      rm -r \"$AAX2\"\n    fi\n\n    cp -R -H \"$original\" \"$AAX2\"\n  fi\nfi\n";
		};
		A88EB888C8EA5A265715BA51 /* Post-build script */ = {
			isa = PBXShellScriptBuildPhase;
			alwaysOutOfDate = 1;
			buildActionMask = 2147483647;
			files = (
			);
			name = "Post-build script";
			runOnlyForDeploymentPostprocessing = 0;
			shellPath = /bin/sh;
			shellScript = "\n# This script takes the build product and copies it to the AU, VST, VST3, RTAS and AAX folders, depending on \n# which plugin types you've built\n\noriginal=$CONFIGURATION_BUILD_DIR/$FULL_PRODUCT_NAME\n\n# this looks inside the binary to detect which platforms are needed.. \ncopyAU=`nm -g \"$CONFIGURATION_BUILD_DIR/$EXECUTABLE_PATH\" | grep -i 'AudioUnit' | wc -l`\ncopyVST=`nm -g \"$CONFIGURATION_BUILD_DIR/$EXECUTABLE_PATH\" | grep -i 'VSTPlugin' | wc -l`\ncopyVST3=`nm -g \"$CONFIGURATION_BUILD_DIR/$EXECUTABLE_PATH\" | grep -i 'GetPluginFactory' | wc -l`\ncopyRTAS=`nm -g \"$CONFIGURATION_BUILD_DIR/$EXECUTABLE_PATH\" | grep -i 'CProcess' | wc -l`\ncopyAAX=`nm -g \"$CONFIGURATION_BUILD_DIR/$EXECUTABLE_PATH\" | grep -i 'ACFStartup' | wc -l`\n\nif [ $copyAU -gt 0 ]; then\n  echo \"Copying to AudioUnit folder...\"\n  AUDir=~/Library/Audio/Plug-Ins/Components\n  mkdir -p \"$AUDir\"\n  AU=$AUDir/$PRODUCT_NAME.component\n  if [ -d \"$AU\" ]; then \n    rm -r \"$AU\"\n  fi\n\n  cp -r \"$original\" \"$AU\"\n  sed -i \"\" -e 's/TDMwPTul/BNDLPTul/g' \"$AU/Contents/PkgInfo\"\n  sed -i \"\" -e 's/TDMw/BNDL/g' \"$AU/Contents/$INFOPLIST_FILE\"\nfi\n\nif [ $copyVST -gt 0 ]; then\n  echo \"Copying to VST folder...\"\n  VSTDir=~/Library/Audio/Plug-Ins/VST\n  mkdir -p \"$VSTDir\"\n  VST=$VSTDir/$PRODUCT_NAME.vst\n  if [ -d \"$VST\" ]; then \n    rm -r \"$VST\"\n  fi\n\n  cp -r \"$original\" \"$VST\"\n  sed -i \"\" -e 's/TDMwPTul/BNDLPTul/g' \"$VST/Contents/PkgInfo\"\n  sed -i \"\" -e 's/TDMw/BNDL/g' \"$VST/Contents/$INFOPLIST_FILE\"\nfi\n\nif [ $copyVST3 -gt 0 ]; then\n  echo \"Copying to VST3 folder...\"\n  VST3Dir=~/Library/Audio/Plug-Ins/VST3\n  mkdir -p \"$VST3Dir\"\n  VST3=$VST3Dir/$PRODUCT_NAME.vst3\n  if [ -d \"$VST3\" ]; then \n    rm -r \"$VST3\"\n  fi\n\n  cp -r \"$original\" \"$VST3\"\n  sed -i \"\" -e 's/TDMwPTul/BNDLPTul/g' \"$VST3/Contents/PkgInfo\"\n  sed -i \"\" -e 's/TDMw/BNDL/g' \"$VST3/Contents/$INFOPLIST_FILE\"\nfi\n\nif [ $copyRTAS -gt 0 ]; then\n  echo \"Copying to RTAS folder...\"\n  RTASDir=/Library/Application\\ Support/Digidesign/Plug-Ins\n  if [ -d \"$RTASDir\" ]; then\n    RTAS=$RTASDir/$PRODUCT_NAME.dpm\n    if [ -d \"$RTAS\" ]; then\n      rm -r \"$RTAS\"\n    fi\n\n    cp -r \"$original\" \"$RTAS\"\n  fi\nfi\n\nif [ $copyAAX -gt 0 ]; then\n  echo \"Copying to AAX folder...\"\n\n  if [ -d \"/Applications/ProTools_3PDev/Plug-Ins\" ]; then\n    AAX1=\"/Applications/ProTools_3PDev/Plug-Ins/$PRODUCT_NAME.aaxplugin\"\n\n    if [ -d \"$AAX1\" ]; then\n      rm -r \"$AAX1\"\n    fi\n\n    cp -R -H \"$original\" \"$AAX1\"\n  fi\n\n  if [ -d \"/Library/Application Support/Avid/Audio/Plug-Ins\" ]; then\n    AAX2=\"/Library/Application Support/Avid/Audio/Plug-Ins/$PRODUCT_NAME.aaxplugin\"\n\n    if [ -d \"$AAX2\" ]; then\n      rm -r \"$AAX2\"\n    fi\n\n    cp -R -H \"$original\" \"$AAX2\"\n  fi\nfi\n";
		};
		B6FEC40E79A465C7EF1764A7 /* Post-build script */ = {
			isa = PBXShellScriptBuildPhase;
			alwaysOutOfDate = 1;
			buildActionMask = 2147483647;
			files = (
			);
			name = "Post-build script";
			runOnlyForDeploymentPostprocessing = 0;
			shellPath = /bin/sh;
			shellScript = "\n# This script takes the build product and copies it to the AU, VST, VST3, RTAS and AAX folders, depending on \n# which plugin types you've built\n\noriginal=$CONFIGURATION_BUILD_DIR/$FULL_PRODUCT_NAME\n\n# this looks inside the binary to detect which platforms are needed.. \ncopyAU=`nm -g \"$CONFIGURATION_BUILD_DIR/$EXECUTABLE_PATH\" | grep -i 'AudioUnit' | wc -l`\ncopyVST=`nm -g \"$CONFIGURATION_BUILD_DIR/$EXECUTABLE_PATH\" | grep -i 'VSTPlugin' | wc -l`\ncopyVST3=`nm -g \"$CONFIGURATION_BUILD_DIR/$EXECUTABLE_PATH\" | grep -i 'GetPluginFactory' | wc -l`\ncopyRTAS=`nm -g \"$CONFIGURATION_BUILD_DIR/$EXECUTABLE_PATH\" | grep -i 'CProcess' | wc -l`\ncopyAAX=`nm -g \"$CONFIGURATION_BUILD_DIR/$EXECUTABLE_PATH\" | grep -i 'ACFStartup' | wc -l`\n\nif [ $copyAU -gt 0 ]; then\n  echo \"Copying to AudioUnit folder...\"\n  AUDir=~/Library/Audio/Plug-Ins/Components\n  mkdir -p \"$AUDir\"\n  AU=$AUDir/$PRODUCT_NAME.component\n  if [ -d \"$AU\" ]; then \n    rm -r \"$AU\"\n  fi\n\n  cp -r \"$original\" \"$AU\"\n  sed -i \"\" -e 's/TDMwPTul/BNDLPTul/g' \"$AU/Contents/PkgInfo\"\n  sed -i \"\" -e 's/TDMw/BNDL/g' \"$AU/Contents/$INFOPLIST_FILE\"\nfi\n\nif [ $copyVST -gt 0 ]; then\n  echo \"Copying to VST folder...\"\n  VSTDir=~/Library/Audio/Plug-Ins/VST\n  mkdir -p \"$VSTDir\"\n  VST=$VSTDir/$PRODUCT_NAME.vst\n  if [ -d \"$VST\" ]; then \n    rm -r \"$VST\"\n  fi\n\n  cp -r \"$original\" \"$VST\"\n  sed -i \"\" -e 's/TDMwPTul/BNDLPTul/g' \"$VST/Contents/PkgInfo\"\n  sed -i \"\" -e 's/TDMw/BNDL/g' \"$VST/Contents/$INFOPLIST_FILE\"\nfi\n\nif [ $copyVST3 -gt 0 ]; then\n  echo \"Copying to VST3 folder...\"\n  VST3Dir=~/Library/Audio/Plug-Ins/VST3\n  mkdir -p \"$VST3Dir\"\n  VST3=$VST3Dir/$PRODUCT_NAME.vst3\n  if [ -d \"$VST3\" ]; then \n    rm -r \"$VST3\"\n  fi\n\n  cp -r \"$original\" \"$VST3\"\n  sed -i \"\" -e 's/TDMwPTul/BNDLPTul/g' \"$VST3/Contents/PkgInfo\"\n  sed -i \"\" -e 's/TDMw/BNDL/g' \"$VST3/Contents/$INFOPLIST_FILE\"\nfi\n\nif [ $copyRTAS -gt 0 ]; then\n  echo \"Copying to RTAS folder...\"\n  RTASDir=/Library/Application\\ Support/Digidesign/Plug-Ins\n  if [ -d \"$RTASDir\" ]; then\n    RTAS=$RTASDir/$PRODUCT_NAME.dpm\n    if [ -d \"$RTAS\" ]; then\n      rm -r \"$RTAS\"\n    fi\n\n    cp -r \"$original\" \"$RTAS\"\n  fi\nfi\n\nif [ $copyAAX -gt 0 ]; then\n  echo \"Copying to AAX folder...\"\n\n  if [ -d \"/Applications/ProTools_3PDev/Plug-Ins\" ]; then\n    AAX1=\"/Applications/ProTools_3PDev/Plug-Ins/$PRODUCT_NAME.aaxplugin\"\n\n    if [ -d \"$AAX1\" ]; then\n      rm -r \"$AAX1\"\n    fi\n\n    cp -R -H \"$original\" \"$AAX1\"\n  fi\n\n  if [ -d \"/Library/Application Support/Avid/Audio/Plug-Ins\" ]; then\n    AAX2=\"/Library/Application Support/Avid/Audio/Plug-Ins/$PRODUCT_NAME.aaxplugin\"\n\n    if [ -d \"$AAX2\" ]; then\n      rm -r \"$AAX2\"\n    fi\n\n    cp -R -H \"$original\" \"$AAX2\"\n  fi\nfi\n";
		};
/* End PBXShellScriptBuildPhase section */

/* Begin PBXSourcesBuildPhase section */
		26475AF86FC75612D3FA651A /* Sources */ = {
			isa = PBXSourcesBuildPhase;
			buildActionMask = 2147483647;
			files = (
				53552977151AD00D67A0F628 /* include_juce_audio_plugin_client_VST2.cpp in Sources */,
			);
			runOnlyForDeploymentPostprocessing = 0;
		};
		D8CEF0A3C4B3BC5EDE6A8717 /* Sources */ = {
			isa = PBXSourcesBuildPhase;
			buildActionMask = 2147483647;
			files = (
				EBEFA22D3AAFF6A4DDA06FC7 /* include_juce_audio_plugin_client_VST3.cpp in Sources */,
			);
			runOnlyForDeploymentPostprocessing = 0;
		};
		FCB607B7D823DE35F82BEDDF /* Sources */ = {
			isa = PBXSourcesBuildPhase;
			buildActionMask = 2147483647;
			files = (
				8EF6D163ABA5435DACC4E361 /* CustomLookAndFeel.cpp in Sources */,
				029DD5B0E03B9971E80B6A61 /* PluginProcessor.cpp in Sources */,
				223A82DA12FC863FC4BD80E4 /* PluginEditor.cpp in Sources */,
				F20FE72A9C2032848D34CB19 /* BinaryData.cpp in Sources */,
				FBF79BFFA826D312A08E8FAE /* BinaryData2.cpp in Sources */,
				8D72B7C75E67EB66613D1726 /* include_juce_audio_basics.mm in Sources */,
				46BB5D5E5AA4FA3C9190E266 /* include_juce_audio_devices.mm in Sources */,
				EF7A12E163A7A243DD93C6F4 /* include_juce_audio_formats.mm in Sources */,
				04521652FAEED54AF79D47CB /* include_juce_audio_plugin_client_ARA.cpp in Sources */,
				259E7BEB484763FE40664A54 /* include_juce_audio_plugin_client_utils.cpp in Sources */,
				2418D6D612B2B9B397C36AB6 /* include_juce_audio_plugin_client_VST_utils.mm in Sources */,
				FE2D75FAAB05587885949A0B /* include_juce_audio_processors.mm in Sources */,
				4031E878FC565407126074AE /* include_juce_audio_processors_ara.cpp in Sources */,
				B03BE1D0E7C9F52AEB832552 /* include_juce_audio_processors_lv2_libs.cpp in Sources */,
				E994431A0680A718209EBC37 /* include_juce_core.mm in Sources */,
				8E5CDED716D7A7D6F4EDEA9A /* include_juce_cryptography.mm in Sources */,
				1E690D14A2D862AD6B5C5AEE /* include_juce_data_structures.mm in Sources */,
				386F8CFD1B4DE9855F8A0F48 /* include_juce_events.mm in Sources */,
				A5597B1473F15A157441B6AC /* include_juce_graphics.mm in Sources */,
				740C29C2E25B99A5EDB0018C /* include_juce_gui_basics.mm in Sources */,
				D0E54C8494C59148A8572574 /* include_juce_gui_extra.mm in Sources */,
				19F371B3E69FA11D53B94E98 /* include_juce_opengl.mm in Sources */,
				5FF5829A6506136F1381B26D /* include_juce_video.mm in Sources */,
			);
			runOnlyForDeploymentPostprocessing = 0;
		};
/* End PBXSourcesBuildPhase section */

/* Begin PBXTargetDependency section */
		4DA31DE2903462D3E5BEE062 /* PBXTargetDependency */ = {
			isa = PBXTargetDependency;
			target = 0E87B176EA18354C90D04203 /* BitCrusher - Shared Code */;
			targetProxy = D8DF281829AAD13800932309 /* PBXContainerItemProxy */;
		};
		4EDAB2E0B789FD68CDECA39E /* PBXTargetDependency */ = {
			isa = PBXTargetDependency;
			target = 0E87B176EA18354C90D04203 /* BitCrusher - Shared Code */;
			targetProxy = D8DF281729AAD13800932309 /* PBXContainerItemProxy */;
		};
		B948F349CA3FC7BB2A91395B /* PBXTargetDependency */ = {
			isa = PBXTargetDependency;
			target = 0E87B176EA18354C90D04203 /* BitCrusher - Shared Code */;
			targetProxy = D8DF281B29AAD13800932309 /* PBXContainerItemProxy */;
		};
		DDB57F0376A1A4479E410759 /* PBXTargetDependency */ = {
			isa = PBXTargetDependency;
			target = 3043AF16E9401430CEBA9082 /* BitCrusher - VST3 */;
			targetProxy = D8DF281A29AAD13800932309 /* PBXContainerItemProxy */;
		};
		F98A9932A20BD2D35B12A400 /* PBXTargetDependency */ = {
			isa = PBXTargetDependency;
			target = 727C8D3A04326FCECA13A1D6 /* BitCrusher - VST */;
			targetProxy = D8DF281929AAD13800932309 /* PBXContainerItemProxy */;
		};
/* End PBXTargetDependency section */

/* Begin XCBuildConfiguration section */
		0EDF9F17642D30C4588333C0 /* Release */ = {
			isa = XCBuildConfiguration;
			buildSettings = {
				ALWAYS_SEARCH_USER_PATHS = NO;
				CLANG_ENABLE_OBJC_WEAK = YES;
				CLANG_WARN_BLOCK_CAPTURE_AUTORELEASING = YES;
				CLANG_WARN_BOOL_CONVERSION = YES;
				CLANG_WARN_COMMA = YES;
				CLANG_WARN_CONSTANT_CONVERSION = YES;
				CLANG_WARN_DEPRECATED_OBJC_IMPLEMENTATIONS = YES;
				CLANG_WARN_EMPTY_BODY = YES;
				CLANG_WARN_ENUM_CONVERSION = YES;
				CLANG_WARN_INFINITE_RECURSION = YES;
				CLANG_WARN_INT_CONVERSION = YES;
				CLANG_WARN_NON_LITERAL_NULL_CONVERSION = YES;
				CLANG_WARN_OBJC_IMPLICIT_RETAIN_SELF = YES;
				CLANG_WARN_OBJC_LITERAL_CONVERSION = YES;
				CLANG_WARN_RANGE_LOOP_ANALYSIS = YES;
				CLANG_WARN_STRICT_PROTOTYPES = YES;
				CLANG_WARN_SUSPICIOUS_MOVE = YES;
				CLANG_WARN_UNREACHABLE_CODE = YES;
				CLANG_WARN__DUPLICATE_METHOD_MATCH = YES;
				DEBUG_INFORMATION_FORMAT = dwarf;
				ENABLE_STRICT_OBJC_MSGSEND = YES;
				ENABLE_TESTABILITY = NO;
				GCC_C_LANGUAGE_STANDARD = c11;
				GCC_INLINES_ARE_PRIVATE_EXTERN = YES;
				GCC_MODEL_TUNING = G5;
				GCC_NO_COMMON_BLOCKS = YES;
				GCC_SYMBOLS_PRIVATE_EXTERN = YES;
				GCC_WARN_64_TO_32_BIT_CONVERSION = YES;
				GCC_WARN_ABOUT_RETURN_TYPE = YES;
				GCC_WARN_CHECK_SWITCH_STATEMENTS = YES;
				GCC_WARN_MISSING_PARENTHESES = YES;
				GCC_WARN_NON_VIRTUAL_DESTRUCTOR = YES;
				GCC_WARN_TYPECHECK_CALLS_TO_PRINTF = YES;
				GCC_WARN_UNDECLARED_SELECTOR = YES;
				GCC_WARN_UNINITIALIZED_AUTOS = YES;
				GCC_WARN_UNUSED_FUNCTION = YES;
				GCC_WARN_UNUSED_VARIABLE = YES;
				MACOSX_DEPLOYMENT_TARGET = "$(RECOMMENDED_MACOSX_DEPLOYMENT_TARGET)";
				PRODUCT_NAME = BitCrusher;
				SDKROOT = macosx;
				WARNING_CFLAGS = "-Wreorder";
				ZERO_LINK = NO;
			};
			name = Release;
		};
		0F9EDB80C360661894254F14 /* Release */ = {
			isa = XCBuildConfiguration;
			buildSettings = {
				ARCHS = "$(ARCHS_STANDARD)";
				CLANG_CXX_LANGUAGE_STANDARD = "c++17";
				CLANG_CXX_LIBRARY = "libc++";
				CLANG_LINK_OBJC_RUNTIME = NO;
				COMBINE_HIDPI_IMAGES = YES;
				CONFIGURATION_BUILD_DIR = "$(PROJECT_DIR)/build/$(CONFIGURATION)";
				DEAD_CODE_STRIPPING = YES;
				DEPLOYMENT_LOCATION = YES;
				DSTROOT = /;
				EXCLUDED_ARCHS = "";
				GCC_GENERATE_DEBUGGING_SYMBOLS = NO;
				GCC_OPTIMIZATION_LEVEL = 3;
				GCC_PREPROCESSOR_DEFINITIONS = (
					"_NDEBUG=1",
					"NDEBUG=1",
					"JUCER_XCODE_MAC_F6D2F4CF=1",
					"JUCE_APP_VERSION=1.0.0",
					"JUCE_APP_VERSION_HEX=0x10000",
					"JucePlugin_Build_VST=0",
					"JucePlugin_Build_VST3=1",
					"JucePlugin_Build_AU=0",
					"JucePlugin_Build_AUv3=0",
					"JucePlugin_Build_AAX=0",
					"JucePlugin_Build_Standalone=0",
					"JucePlugin_Build_Unity=0",
					"JucePlugin_Build_LV2=0",
				);
				GCC_VERSION = com.apple.compilers.llvm.clang.1_0;
				GENERATE_PKGINFO_FILE = YES;
				HEADER_SEARCH_PATHS = (
					"$(SRCROOT)/../../../../modules/juce_audio_processors/format_types/VST3_SDK",
					"$(SRCROOT)/../../JuceLibraryCode",
					"$(SRCROOT)/../../../../modules",
					"$(SRCROOT)/../../../../modules/juce_audio_plugin_client/AU",
					"$(inherited)",
				);
				INFOPLIST_FILE = "Info-VST3.plist";
				INFOPLIST_PREPROCESS = NO;
				INSTALL_PATH = "$(HOME)/Library/Audio/Plug-Ins/VST3/";
				LIBRARY_STYLE = Bundle;
				LLVM_LTO = YES;
				MACOSX_DEPLOYMENT_TARGET = "$(RECOMMENDED_MACOSX_DEPLOYMENT_TARGET)";
				MTL_HEADER_SEARCH_PATHS = "$(SRCROOT)/../../../../modules/juce_audio_processors/format_types/VST3_SDK $(SRCROOT)/../../JuceLibraryCode $(SRCROOT)/../../../../modules $(SRCROOT)/../../../../modules/juce_audio_plugin_client/AU";
				OTHER_LDFLAGS = (
					"-bundle",
					"-lBitCrusher",
					"-weak_framework",
					Metal,
					"-weak_framework",
					MetalKit,
				);
				PRODUCT_BUNDLE_IDENTIFIER = com.yourcompany.BitCrusher;
				PRODUCT_NAME = BitCrusher;
				USE_HEADERMAP = NO;
				VALIDATE_WORKSPACE_SKIPPED_SDK_FRAMEWORKS = OpenGL;
				VALID_ARCHS = "i386 x86_64 arm64 arm64e";
				WRAPPER_EXTENSION = vst3;
			};
			name = Release;
		};
		3C1521FF4DCD45D7957EBECB /* Debug */ = {
			isa = XCBuildConfiguration;
			buildSettings = {
				ARCHS = "$(ARCHS_STANDARD)";
				CLANG_CXX_LANGUAGE_STANDARD = "c++17";
				CLANG_CXX_LIBRARY = "libc++";
				CLANG_LINK_OBJC_RUNTIME = NO;
				COMBINE_HIDPI_IMAGES = YES;
				CONFIGURATION_BUILD_DIR = "$(PROJECT_DIR)/build/$(CONFIGURATION)";
				COPY_PHASE_STRIP = NO;
				EXCLUDED_ARCHS = "";
				GCC_DYNAMIC_NO_PIC = NO;
				GCC_OPTIMIZATION_LEVEL = 0;
				GCC_PREPROCESSOR_DEFINITIONS = (
					"_DEBUG=1",
					"DEBUG=1",
					"JUCER_XCODE_MAC_F6D2F4CF=1",
					"JUCE_APP_VERSION=1.0.0",
					"JUCE_APP_VERSION_HEX=0x10000",
					"JucePlugin_Build_VST=1",
					"JucePlugin_Build_VST3=1",
					"JucePlugin_Build_AU=0",
					"JucePlugin_Build_AUv3=0",
					"JucePlugin_Build_AAX=0",
					"JucePlugin_Build_Standalone=0",
					"JucePlugin_Build_Unity=0",
					"JucePlugin_Build_LV2=0",
					"JUCE_SHARED_CODE=1",
				);
				GCC_VERSION = com.apple.compilers.llvm.clang.1_0;
				HEADER_SEARCH_PATHS = (
					"$(SRCROOT)/../../../../modules/juce_audio_processors/format_types/VST3_SDK",
					"$(SRCROOT)/../../JuceLibraryCode",
					"$(SRCROOT)/../../../../modules",
					"$(SRCROOT)/../../../../modules/juce_audio_plugin_client/AU",
					"$(inherited)",
				);
				INSTALL_PATH = "@executable_path/../Frameworks";
				MACOSX_DEPLOYMENT_TARGET = "$(RECOMMENDED_MACOSX_DEPLOYMENT_TARGET)";
				MTL_HEADER_SEARCH_PATHS = "$(SRCROOT)/../../../../modules/juce_audio_processors/format_types/VST3_SDK $(SRCROOT)/../../JuceLibraryCode $(SRCROOT)/../../../../modules $(SRCROOT)/../../../../modules/juce_audio_plugin_client/AU";
				OTHER_LDFLAGS = (
					"-weak_framework",
					Metal,
					"-weak_framework",
					MetalKit,
				);
				PRODUCT_BUNDLE_IDENTIFIER = com.yourcompany.BitCrusher;
				PRODUCT_NAME = BitCrusher;
				SKIP_INSTALL = YES;
				USE_HEADERMAP = NO;
				VALIDATE_WORKSPACE_SKIPPED_SDK_FRAMEWORKS = OpenGL;
				VALID_ARCHS = "i386 x86_64 arm64 arm64e";
			};
			name = Debug;
		};
		3E325F902ECCBB51122678CE /* Debug */ = {
			isa = XCBuildConfiguration;
			buildSettings = {
				ARCHS = "$(ARCHS_STANDARD)";
				CLANG_CXX_LANGUAGE_STANDARD = "c++17";
				CLANG_CXX_LIBRARY = "libc++";
				CLANG_LINK_OBJC_RUNTIME = NO;
				COMBINE_HIDPI_IMAGES = YES;
				CONFIGURATION_BUILD_DIR = "$(PROJECT_DIR)/build/$(CONFIGURATION)";
				COPY_PHASE_STRIP = NO;
				DEPLOYMENT_LOCATION = YES;
				DSTROOT = /;
				EXCLUDED_ARCHS = "";
				GCC_DYNAMIC_NO_PIC = NO;
				GCC_OPTIMIZATION_LEVEL = 0;
				GCC_PREPROCESSOR_DEFINITIONS = (
					"_DEBUG=1",
					"DEBUG=1",
					"JUCER_XCODE_MAC_F6D2F4CF=1",
					"JUCE_APP_VERSION=1.0.0",
					"JUCE_APP_VERSION_HEX=0x10000",
					"JucePlugin_Build_VST=1",
					"JucePlugin_Build_VST3=0",
					"JucePlugin_Build_AU=0",
					"JucePlugin_Build_AUv3=0",
					"JucePlugin_Build_AAX=0",
					"JucePlugin_Build_Standalone=0",
					"JucePlugin_Build_Unity=0",
					"JucePlugin_Build_LV2=0",
				);
				GCC_VERSION = com.apple.compilers.llvm.clang.1_0;
				GENERATE_PKGINFO_FILE = YES;
				HEADER_SEARCH_PATHS = (
					"$(SRCROOT)/../../../../modules/juce_audio_processors/format_types/VST3_SDK",
					"$(SRCROOT)/../../JuceLibraryCode",
					"$(SRCROOT)/../../../../modules",
					"$(SRCROOT)/../../../../modules/juce_audio_plugin_client/AU",
					"$(inherited)",
				);
				INFOPLIST_FILE = "Info-VST.plist";
				INFOPLIST_PREPROCESS = NO;
				INSTALL_PATH = "$(HOME)/Library/Audio/Plug-Ins/VST/";
				LIBRARY_STYLE = Bundle;
				MACOSX_DEPLOYMENT_TARGET = "$(RECOMMENDED_MACOSX_DEPLOYMENT_TARGET)";
				MTL_HEADER_SEARCH_PATHS = "$(SRCROOT)/../../../../modules/juce_audio_processors/format_types/VST3_SDK $(SRCROOT)/../../JuceLibraryCode $(SRCROOT)/../../../../modules $(SRCROOT)/../../../../modules/juce_audio_plugin_client/AU";
				OTHER_LDFLAGS = (
					"-bundle",
					"-lBitCrusher",
					"-weak_framework",
					Metal,
					"-weak_framework",
					MetalKit,
				);
				PRODUCT_BUNDLE_IDENTIFIER = com.yourcompany.BitCrusher;
				PRODUCT_NAME = BitCrusher;
				USE_HEADERMAP = NO;
				VALIDATE_WORKSPACE_SKIPPED_SDK_FRAMEWORKS = OpenGL;
				VALID_ARCHS = "i386 x86_64 arm64 arm64e";
				WRAPPER_EXTENSION = vst;
			};
			name = Debug;
		};
		518A170AC854DFD170DAD328 /* Release */ = {
			isa = XCBuildConfiguration;
			buildSettings = {
				ARCHS = "$(ARCHS_STANDARD)";
				CLANG_CXX_LANGUAGE_STANDARD = "c++17";
				CLANG_CXX_LIBRARY = "libc++";
				CLANG_LINK_OBJC_RUNTIME = NO;
				COMBINE_HIDPI_IMAGES = YES;
				CONFIGURATION_BUILD_DIR = "$(PROJECT_DIR)/build/$(CONFIGURATION)";
				DEAD_CODE_STRIPPING = YES;
				DEPLOYMENT_LOCATION = YES;
				DSTROOT = /;
				EXCLUDED_ARCHS = "";
				GCC_GENERATE_DEBUGGING_SYMBOLS = NO;
				GCC_OPTIMIZATION_LEVEL = 3;
				GCC_PREPROCESSOR_DEFINITIONS = (
					"_NDEBUG=1",
					"NDEBUG=1",
					"JUCER_XCODE_MAC_F6D2F4CF=1",
					"JUCE_APP_VERSION=1.0.0",
					"JUCE_APP_VERSION_HEX=0x10000",
					"JucePlugin_Build_VST=1",
					"JucePlugin_Build_VST3=0",
					"JucePlugin_Build_AU=0",
					"JucePlugin_Build_AUv3=0",
					"JucePlugin_Build_AAX=0",
					"JucePlugin_Build_Standalone=0",
					"JucePlugin_Build_Unity=0",
					"JucePlugin_Build_LV2=0",
				);
				GCC_VERSION = com.apple.compilers.llvm.clang.1_0;
				GENERATE_PKGINFO_FILE = YES;
				HEADER_SEARCH_PATHS = (
					"$(SRCROOT)/../../../../modules/juce_audio_processors/format_types/VST3_SDK",
					"$(SRCROOT)/../../JuceLibraryCode",
					"$(SRCROOT)/../../../../modules",
					"$(SRCROOT)/../../../../modules/juce_audio_plugin_client/AU",
					"$(inherited)",
				);
				INFOPLIST_FILE = "Info-VST.plist";
				INFOPLIST_PREPROCESS = NO;
				INSTALL_PATH = "$(HOME)/Library/Audio/Plug-Ins/VST/";
				LIBRARY_STYLE = Bundle;
				LLVM_LTO = YES;
				MACOSX_DEPLOYMENT_TARGET = "$(RECOMMENDED_MACOSX_DEPLOYMENT_TARGET)";
				MTL_HEADER_SEARCH_PATHS = "$(SRCROOT)/../../../../modules/juce_audio_processors/format_types/VST3_SDK $(SRCROOT)/../../JuceLibraryCode $(SRCROOT)/../../../../modules $(SRCROOT)/../../../../modules/juce_audio_plugin_client/AU";
				OTHER_LDFLAGS = (
					"-bundle",
					"-lBitCrusher",
					"-weak_framework",
					Metal,
					"-weak_framework",
					MetalKit,
				);
				PRODUCT_BUNDLE_IDENTIFIER = com.yourcompany.BitCrusher;
				PRODUCT_NAME = BitCrusher;
				USE_HEADERMAP = NO;
				VALIDATE_WORKSPACE_SKIPPED_SDK_FRAMEWORKS = OpenGL;
				VALID_ARCHS = "i386 x86_64 arm64 arm64e";
				WRAPPER_EXTENSION = vst;
			};
			name = Release;
		};
		65662FA7C508A4C61D439133 /* Debug */ = {
			isa = XCBuildConfiguration;
			buildSettings = {
				MACOSX_DEPLOYMENT_TARGET = "$(RECOMMENDED_MACOSX_DEPLOYMENT_TARGET)";
				SDKROOT = macosx;
			};
			name = Debug;
		};
		9AA5507AA806737C906DE111 /* Release */ = {
			isa = XCBuildConfiguration;
			buildSettings = {
				MACOSX_DEPLOYMENT_TARGET = "$(RECOMMENDED_MACOSX_DEPLOYMENT_TARGET)";
				SDKROOT = macosx;
			};
			name = Release;
		};
		AC4C9CD6E2539BD900E578DA /* Release */ = {
			isa = XCBuildConfiguration;
			buildSettings = {
				ARCHS = "$(ARCHS_STANDARD)";
				CLANG_CXX_LANGUAGE_STANDARD = "c++17";
				CLANG_CXX_LIBRARY = "libc++";
				CLANG_LINK_OBJC_RUNTIME = NO;
				COMBINE_HIDPI_IMAGES = YES;
				CONFIGURATION_BUILD_DIR = "$(PROJECT_DIR)/build/$(CONFIGURATION)";
				DEAD_CODE_STRIPPING = YES;
				EXCLUDED_ARCHS = "";
				GCC_GENERATE_DEBUGGING_SYMBOLS = NO;
				GCC_OPTIMIZATION_LEVEL = 3;
				GCC_PREPROCESSOR_DEFINITIONS = (
					"_NDEBUG=1",
					"NDEBUG=1",
					"JUCER_XCODE_MAC_F6D2F4CF=1",
					"JUCE_APP_VERSION=1.0.0",
					"JUCE_APP_VERSION_HEX=0x10000",
					"JucePlugin_Build_VST=1",
					"JucePlugin_Build_VST3=1",
					"JucePlugin_Build_AU=0",
					"JucePlugin_Build_AUv3=0",
					"JucePlugin_Build_AAX=0",
					"JucePlugin_Build_Standalone=0",
					"JucePlugin_Build_Unity=0",
					"JucePlugin_Build_LV2=0",
					"JUCE_SHARED_CODE=1",
				);
				GCC_VERSION = com.apple.compilers.llvm.clang.1_0;
				HEADER_SEARCH_PATHS = (
					"$(SRCROOT)/../../../../modules/juce_audio_processors/format_types/VST3_SDK",
					"$(SRCROOT)/../../JuceLibraryCode",
					"$(SRCROOT)/../../../../modules",
					"$(SRCROOT)/../../../../modules/juce_audio_plugin_client/AU",
					"$(inherited)",
				);
				INSTALL_PATH = "@executable_path/../Frameworks";
				LLVM_LTO = YES;
				MACOSX_DEPLOYMENT_TARGET = "$(RECOMMENDED_MACOSX_DEPLOYMENT_TARGET)";
				MTL_HEADER_SEARCH_PATHS = "$(SRCROOT)/../../../../modules/juce_audio_processors/format_types/VST3_SDK $(SRCROOT)/../../JuceLibraryCode $(SRCROOT)/../../../../modules $(SRCROOT)/../../../../modules/juce_audio_plugin_client/AU";
				OTHER_LDFLAGS = (
					"-weak_framework",
					Metal,
					"-weak_framework",
					MetalKit,
				);
				PRODUCT_BUNDLE_IDENTIFIER = com.yourcompany.BitCrusher;
				PRODUCT_NAME = BitCrusher;
				SKIP_INSTALL = YES;
				USE_HEADERMAP = NO;
				VALIDATE_WORKSPACE_SKIPPED_SDK_FRAMEWORKS = OpenGL;
				VALID_ARCHS = "i386 x86_64 arm64 arm64e";
			};
			name = Release;
		};
		B0477BE30CFB4CACD4A62609 /* Debug */ = {
			isa = XCBuildConfiguration;
			buildSettings = {
				ALWAYS_SEARCH_USER_PATHS = NO;
				CLANG_ENABLE_OBJC_WEAK = YES;
				CLANG_WARN_BLOCK_CAPTURE_AUTORELEASING = YES;
				CLANG_WARN_BOOL_CONVERSION = YES;
				CLANG_WARN_COMMA = YES;
				CLANG_WARN_CONSTANT_CONVERSION = YES;
				CLANG_WARN_DEPRECATED_OBJC_IMPLEMENTATIONS = YES;
				CLANG_WARN_EMPTY_BODY = YES;
				CLANG_WARN_ENUM_CONVERSION = YES;
				CLANG_WARN_INFINITE_RECURSION = YES;
				CLANG_WARN_INT_CONVERSION = YES;
				CLANG_WARN_NON_LITERAL_NULL_CONVERSION = YES;
				CLANG_WARN_OBJC_IMPLICIT_RETAIN_SELF = YES;
				CLANG_WARN_OBJC_LITERAL_CONVERSION = YES;
				CLANG_WARN_RANGE_LOOP_ANALYSIS = YES;
				CLANG_WARN_STRICT_PROTOTYPES = YES;
				CLANG_WARN_SUSPICIOUS_MOVE = YES;
				CLANG_WARN_UNREACHABLE_CODE = YES;
				CLANG_WARN__DUPLICATE_METHOD_MATCH = YES;
				DEBUG_INFORMATION_FORMAT = dwarf;
				ENABLE_STRICT_OBJC_MSGSEND = YES;
				ENABLE_TESTABILITY = NO;
				GCC_C_LANGUAGE_STANDARD = c11;
				GCC_INLINES_ARE_PRIVATE_EXTERN = YES;
				GCC_MODEL_TUNING = G5;
				GCC_NO_COMMON_BLOCKS = YES;
				GCC_SYMBOLS_PRIVATE_EXTERN = YES;
				GCC_WARN_64_TO_32_BIT_CONVERSION = YES;
				GCC_WARN_ABOUT_RETURN_TYPE = YES;
				GCC_WARN_CHECK_SWITCH_STATEMENTS = YES;
				GCC_WARN_MISSING_PARENTHESES = YES;
				GCC_WARN_NON_VIRTUAL_DESTRUCTOR = YES;
				GCC_WARN_TYPECHECK_CALLS_TO_PRINTF = YES;
				GCC_WARN_UNDECLARED_SELECTOR = YES;
				GCC_WARN_UNINITIALIZED_AUTOS = YES;
				GCC_WARN_UNUSED_FUNCTION = YES;
				GCC_WARN_UNUSED_VARIABLE = YES;
				MACOSX_DEPLOYMENT_TARGET = "$(RECOMMENDED_MACOSX_DEPLOYMENT_TARGET)";
				PRODUCT_NAME = BitCrusher;
				SDKROOT = macosx;
				WARNING_CFLAGS = "-Wreorder";
				ZERO_LINK = NO;
			};
			name = Debug;
		};
		E18A8431332B5D684C66C7CC /* Debug */ = {
			isa = XCBuildConfiguration;
			buildSettings = {
				ARCHS = "$(ARCHS_STANDARD)";
				CLANG_CXX_LANGUAGE_STANDARD = "c++17";
				CLANG_CXX_LIBRARY = "libc++";
				CLANG_LINK_OBJC_RUNTIME = NO;
				COMBINE_HIDPI_IMAGES = YES;
				CONFIGURATION_BUILD_DIR = "$(PROJECT_DIR)/build/$(CONFIGURATION)";
				COPY_PHASE_STRIP = NO;
				DEPLOYMENT_LOCATION = YES;
				DSTROOT = /;
				EXCLUDED_ARCHS = "";
				GCC_DYNAMIC_NO_PIC = NO;
				GCC_OPTIMIZATION_LEVEL = 0;
				GCC_PREPROCESSOR_DEFINITIONS = (
					"_DEBUG=1",
					"DEBUG=1",
					"JUCER_XCODE_MAC_F6D2F4CF=1",
					"JUCE_APP_VERSION=1.0.0",
					"JUCE_APP_VERSION_HEX=0x10000",
					"JucePlugin_Build_VST=0",
					"JucePlugin_Build_VST3=1",
					"JucePlugin_Build_AU=0",
					"JucePlugin_Build_AUv3=0",
					"JucePlugin_Build_AAX=0",
					"JucePlugin_Build_Standalone=0",
					"JucePlugin_Build_Unity=0",
					"JucePlugin_Build_LV2=0",
				);
				GCC_VERSION = com.apple.compilers.llvm.clang.1_0;
				GENERATE_PKGINFO_FILE = YES;
				HEADER_SEARCH_PATHS = (
					"$(SRCROOT)/../../../../modules/juce_audio_processors/format_types/VST3_SDK",
					"$(SRCROOT)/../../JuceLibraryCode",
					"$(SRCROOT)/../../../../modules",
					"$(SRCROOT)/../../../../modules/juce_audio_plugin_client/AU",
					"$(inherited)",
				);
				INFOPLIST_FILE = "Info-VST3.plist";
				INFOPLIST_PREPROCESS = NO;
				INSTALL_PATH = "$(HOME)/Library/Audio/Plug-Ins/VST3/";
				LIBRARY_STYLE = Bundle;
				MACOSX_DEPLOYMENT_TARGET = "$(RECOMMENDED_MACOSX_DEPLOYMENT_TARGET)";
				MTL_HEADER_SEARCH_PATHS = "$(SRCROOT)/../../../../modules/juce_audio_processors/format_types/VST3_SDK $(SRCROOT)/../../JuceLibraryCode $(SRCROOT)/../../../../modules $(SRCROOT)/../../../../modules/juce_audio_plugin_client/AU";
				OTHER_LDFLAGS = (
					"-bundle",
					"-lBitCrusher",
					"-weak_framework",
					Metal,
					"-weak_framework",
					MetalKit,
				);
				PRODUCT_BUNDLE_IDENTIFIER = com.yourcompany.BitCrusher;
				PRODUCT_NAME = BitCrusher;
				USE_HEADERMAP = NO;
				VALIDATE_WORKSPACE_SKIPPED_SDK_FRAMEWORKS = OpenGL;
				VALID_ARCHS = "i386 x86_64 arm64 arm64e";
				WRAPPER_EXTENSION = vst3;
			};
			name = Debug;
		};
/* End XCBuildConfiguration section */

/* Begin XCConfigurationList section */
		158A884435F0ABC2EB5F9899 /* Build configuration list for PBXAggregateTarget "BitCrusher - All" */ = {
			isa = XCConfigurationList;
			buildConfigurations = (
				65662FA7C508A4C61D439133 /* Debug */,
				9AA5507AA806737C906DE111 /* Release */,
			);
			defaultConfigurationIsVisible = 0;
			defaultConfigurationName = Debug;
		};
		18E025586E71A5B672594D31 /* Build configuration list for PBXNativeTarget "BitCrusher - VST3" */ = {
			isa = XCConfigurationList;
			buildConfigurations = (
				E18A8431332B5D684C66C7CC /* Debug */,
				0F9EDB80C360661894254F14 /* Release */,
			);
			defaultConfigurationIsVisible = 0;
			defaultConfigurationName = Debug;
		};
		1E4596CCB332D158B222D9AA /* Build configuration list for PBXProject "BitCrusher" */ = {
			isa = XCConfigurationList;
			buildConfigurations = (
				0EDF9F17642D30C4588333C0 /* Release */,
				B0477BE30CFB4CACD4A62609 /* Debug */,
			);
			defaultConfigurationIsVisible = 0;
			defaultConfigurationName = Debug;
		};
		511BE1D04A6D8FE0C662A2F6 /* Build configuration list for PBXNativeTarget "BitCrusher - VST" */ = {
			isa = XCConfigurationList;
			buildConfigurations = (
				3E325F902ECCBB51122678CE /* Debug */,
				518A170AC854DFD170DAD328 /* Release */,
			);
			defaultConfigurationIsVisible = 0;
			defaultConfigurationName = Debug;
		};
		F5EDE0706C4652C2E0F5E911 /* Build configuration list for PBXNativeTarget "BitCrusher - Shared Code" */ = {
			isa = XCConfigurationList;
			buildConfigurations = (
				3C1521FF4DCD45D7957EBECB /* Debug */,
				AC4C9CD6E2539BD900E578DA /* Release */,
			);
			defaultConfigurationIsVisible = 0;
			defaultConfigurationName = Debug;
		};
/* End XCConfigurationList section */
	};
	rootObject = 4CD5BFB4ABFA58202BC0EDCC /* Project object */;
}
